
Microsoft Visual Studio Solution File, Format Version 12.00
# Visual Studio Version 16
VisualStudioVersion = 16.0.29509.3
MinimumVisualStudioVersion = 10.0.40219.1
Project("{FAE04EC0-301F-11D3-BF4B-00C04F79EFBC}") = "ScratchLink", "scratch-link\ScratchLink.csproj", "{711F5DBA-7A5D-447A-A9BA-50CB2096E00A}"
EndProject
Project("{2150E333-8FDC-42A3-9474-1A3956D46DE8}") = "Solution Items", "Solution Items", "{56ED428E-4406-49E4-A454-B5B8EE848E66}"
	ProjectSection(SolutionItems) = preProject
		..\.editorconfig = ..\.editorconfig
		..\.gitattributes = ..\.gitattributes
		..\.gitignore = ..\.gitignore
		..\.markdownlintrc = ..\.markdownlintrc
		..\LICENSE = ..\LICENSE
		..\playground.html = ..\playground.html
		..\README.md = ..\README.md
		..\TRADEMARK = ..\TRADEMARK
	EndProjectSection
EndProject
Project("{2150E333-8FDC-42A3-9474-1A3956D46DE8}") = "Documentation", "Documentation", "{3721552C-638C-48CC-A154-F995CEA87505}"
	ProjectSection(SolutionItems) = preProject
		..\Documentation\Bluetooth.md = ..\Documentation\Bluetooth.md
		..\Documentation\BluetoothLE.md = ..\Documentation\BluetoothLE.md
		..\Documentation\NetworkProtocol.md = ..\Documentation\NetworkProtocol.md
	EndProjectSection
EndProject
Project("{C7167F0D-BC9F-4E6E-AFE1-012C56B48DB5}") = "ScratchLinkAPPX", "ScratchLinkAPPX\ScratchLinkAPPX.wapproj", "{34A8A49D-CF32-4812-8DF1-6A52E664C4AB}"
EndProject
Project("{930C7802-8A8C-48F9-8165-68863BCCD9DD}") = "ScratchLinkSetup", "ScratchLinkSetup\ScratchLinkSetup.wixproj", "{5AC1AA26-9C7C-4A81-99B7-21222DA0D89E}"
EndProject
Project("{2150E333-8FDC-42A3-9474-1A3956D46DE8}") = ".circleci", ".circleci", "{2E316847-3325-4060-9560-ED29CF3D1156}"
	ProjectSection(SolutionItems) = preProject
		..\.circleci\config.yml = ..\.circleci\config.yml
	EndProjectSection
EndProject
Project("{2150E333-8FDC-42A3-9474-1A3956D46DE8}") = "Certificates", "Certificates", "{5A64E725-FF21-40FD-B327-F4E23907D4F6}"
	ProjectSection(SolutionItems) = preProject
		..\Certificates\.gitignore = ..\Certificates\.gitignore
		..\Certificates\convert-certificates.sh = ..\Certificates\convert-certificates.sh
		..\Certificates\mock-certificates.sh = ..\Certificates\mock-certificates.sh
		..\Certificates\README.md = ..\Certificates\README.md
		..\Certificates\roll.sh = ..\Certificates\roll.sh
	EndProjectSection
EndProject
Project("{2150E333-8FDC-42A3-9474-1A3956D46DE8}") = "Windows", "Windows", "{9D623B8E-EB4D-44BE-AD1C-17363FEABAFF}"
	ProjectSection(SolutionItems) = preProject
		.gitattributes = .gitattributes
		.gitignore = .gitignore
		generate-images.sh = generate-images.sh
		msiZipWithVersion.targets = msiZipWithVersion.targets
		scratchVersion.targets = scratchVersion.targets
		updateAppxManifest.targets = updateAppxManifest.targets
	EndProjectSection
EndProject
Global
	GlobalSection(SolutionConfigurationPlatforms) = preSolution
		Debug|Any CPU = Debug|Any CPU
		Release|Any CPU = Release|Any CPU
	EndGlobalSection
	GlobalSection(ProjectConfigurationPlatforms) = postSolution
		{711F5DBA-7A5D-447A-A9BA-50CB2096E00A}.Debug|Any CPU.ActiveCfg = Debug|Any CPU
		{711F5DBA-7A5D-447A-A9BA-50CB2096E00A}.Debug|Any CPU.Build.0 = Debug|Any CPU
		{711F5DBA-7A5D-447A-A9BA-50CB2096E00A}.Release|Any CPU.ActiveCfg = Release|Any CPU
		{711F5DBA-7A5D-447A-A9BA-50CB2096E00A}.Release|Any CPU.Build.0 = Release|Any CPU
		{34A8A49D-CF32-4812-8DF1-6A52E664C4AB}.Debug|Any CPU.ActiveCfg = Debug|Any CPU
		{34A8A49D-CF32-4812-8DF1-6A52E664C4AB}.Release|Any CPU.ActiveCfg = Release|Any CPU
		{34A8A49D-CF32-4812-8DF1-6A52E664C4AB}.Release|Any CPU.Build.0 = Release|Any CPU
		{34A8A49D-CF32-4812-8DF1-6A52E664C4AB}.Release|Any CPU.Deploy.0 = Release|Any CPU
		{5AC1AA26-9C7C-4A81-99B7-21222DA0D89E}.Debug|Any CPU.ActiveCfg = Debug|x86
		{5AC1AA26-9C7C-4A81-99B7-21222DA0D89E}.Release|Any CPU.ActiveCfg = Release|x86
		{5AC1AA26-9C7C-4A81-99B7-21222DA0D89E}.Release|Any CPU.Build.0 = Release|x86
	EndGlobalSection
	GlobalSection(SolutionProperties) = preSolution
		HideSolutionNode = FALSE
	EndGlobalSection
	GlobalSection(NestedProjects) = preSolution
		{3721552C-638C-48CC-A154-F995CEA87505} = {56ED428E-4406-49E4-A454-B5B8EE848E66}
		{2E316847-3325-4060-9560-ED29CF3D1156} = {56ED428E-4406-49E4-A454-B5B8EE848E66}
		{5A64E725-FF21-40FD-B327-F4E23907D4F6} = {56ED428E-4406-49E4-A454-B5B8EE848E66}
		{9D623B8E-EB4D-44BE-AD1C-17363FEABAFF} = {56ED428E-4406-49E4-A454-B5B8EE848E66}
	EndGlobalSection
	GlobalSection(ExtensibilityGlobals) = postSolution
		SolutionGuid = {8DE7771A-9DD3-44DD-AA08-46514DA0F673}
	EndGlobalSection
EndGlobal
