
Microsoft Visual Studio Solution File, Format Version 12.00
# Visual Studio 15
VisualStudioVersion = 15.0.27428.2037
MinimumVisualStudioVersion = 10.0.40219.1
Project("{FAE04EC0-301F-11D3-BF4B-00C04F79EFBC}") = "ScratchLink", "scratch-link\ScratchLink.csproj", "{711F5DBA-7A5D-447A-A9BA-50CB2096E00A}"
EndProject
Project("{2150E333-8FDC-42A3-9474-1A3956D46DE8}") = "Solution Items", "Solution Items", "{56ED428E-4406-49E4-A454-B5B8EE848E66}"
	ProjectSection(SolutionItems) = preProject
		..\playground.html = ..\playground.html
		..\README.md = ..\README.md
	EndProjectSection
EndProject
Project("{2150E333-8FDC-42A3-9474-1A3956D46DE8}") = "Documentation", "Documentation", "{3721552C-638C-48CC-A154-F995CEA87505}"
	ProjectSection(SolutionItems) = preProject
		..\Documentation\Bluetooth.md = ..\Documentation\Bluetooth.md
		..\Documentation\BluetoothLE.md = ..\Documentation\BluetoothLE.md
		..\Documentation\NetworkProtocol.md = ..\Documentation\NetworkProtocol.md
	EndProjectSection
EndProject
Project("{C7167F0D-BC9F-4E6E-AFE1-012C56B48DB5}") = "store-packaging", "store-packaging\store-packaging.wapproj", "{34A8A49D-CF32-4812-8DF1-6A52E664C4AB}"
EndProject
Global
	GlobalSection(SolutionConfigurationPlatforms) = preSolution
		Debug|Any CPU = Debug|Any CPU
		Debug|x64 = Debug|x64
		Debug|x86 = Debug|x86
		Release|Any CPU = Release|Any CPU
		Release|x64 = Release|x64
		Release|x86 = Release|x86
	EndGlobalSection
	GlobalSection(ProjectConfigurationPlatforms) = postSolution
		{711F5DBA-7A5D-447A-A9BA-50CB2096E00A}.Debug|Any CPU.ActiveCfg = Debug|Any CPU
		{711F5DBA-7A5D-447A-A9BA-50CB2096E00A}.Debug|Any CPU.Build.0 = Debug|Any CPU
		{711F5DBA-7A5D-447A-A9BA-50CB2096E00A}.Debug|x64.ActiveCfg = Debug|Any CPU
		{711F5DBA-7A5D-447A-A9BA-50CB2096E00A}.Debug|x64.Build.0 = Debug|Any CPU
		{711F5DBA-7A5D-447A-A9BA-50CB2096E00A}.Debug|x86.ActiveCfg = Debug|Any CPU
		{711F5DBA-7A5D-447A-A9BA-50CB2096E00A}.Debug|x86.Build.0 = Debug|Any CPU
		{711F5DBA-7A5D-447A-A9BA-50CB2096E00A}.Release|Any CPU.ActiveCfg = Release|Any CPU
		{711F5DBA-7A5D-447A-A9BA-50CB2096E00A}.Release|Any CPU.Build.0 = Release|Any CPU
		{711F5DBA-7A5D-447A-A9BA-50CB2096E00A}.Release|x64.ActiveCfg = Release|Any CPU
		{711F5DBA-7A5D-447A-A9BA-50CB2096E00A}.Release|x64.Build.0 = Release|Any CPU
		{711F5DBA-7A5D-447A-A9BA-50CB2096E00A}.Release|x86.ActiveCfg = Release|Any CPU
		{711F5DBA-7A5D-447A-A9BA-50CB2096E00A}.Release|x86.Build.0 = Release|Any CPU
		{34A8A49D-CF32-4812-8DF1-6A52E664C4AB}.Debug|Any CPU.ActiveCfg = Debug|Any CPU
		{34A8A49D-CF32-4812-8DF1-6A52E664C4AB}.Debug|Any CPU.Build.0 = Debug|Any CPU
		{34A8A49D-CF32-4812-8DF1-6A52E664C4AB}.Debug|Any CPU.Deploy.0 = Debug|Any CPU
		{34A8A49D-CF32-4812-8DF1-6A52E664C4AB}.Debug|x64.ActiveCfg = Debug|x64
		{34A8A49D-CF32-4812-8DF1-6A52E664C4AB}.Debug|x64.Build.0 = Debug|x64
		{34A8A49D-CF32-4812-8DF1-6A52E664C4AB}.Debug|x64.Deploy.0 = Debug|x64
		{34A8A49D-CF32-4812-8DF1-6A52E664C4AB}.Debug|x86.ActiveCfg = Debug|x86
		{34A8A49D-CF32-4812-8DF1-6A52E664C4AB}.Debug|x86.Build.0 = Debug|x86
		{34A8A49D-CF32-4812-8DF1-6A52E664C4AB}.Debug|x86.Deploy.0 = Debug|x86
		{34A8A49D-CF32-4812-8DF1-6A52E664C4AB}.Release|Any CPU.ActiveCfg = Release|Any CPU
		{34A8A49D-CF32-4812-8DF1-6A52E664C4AB}.Release|Any CPU.Build.0 = Release|Any CPU
		{34A8A49D-CF32-4812-8DF1-6A52E664C4AB}.Release|Any CPU.Deploy.0 = Release|Any CPU
		{34A8A49D-CF32-4812-8DF1-6A52E664C4AB}.Release|x64.ActiveCfg = Release|x64
		{34A8A49D-CF32-4812-8DF1-6A52E664C4AB}.Release|x64.Build.0 = Release|x64
		{34A8A49D-CF32-4812-8DF1-6A52E664C4AB}.Release|x64.Deploy.0 = Release|x64
		{34A8A49D-CF32-4812-8DF1-6A52E664C4AB}.Release|x86.ActiveCfg = Release|x86
		{34A8A49D-CF32-4812-8DF1-6A52E664C4AB}.Release|x86.Build.0 = Release|x86
		{34A8A49D-CF32-4812-8DF1-6A52E664C4AB}.Release|x86.Deploy.0 = Release|x86
	EndGlobalSection
	GlobalSection(SolutionProperties) = preSolution
		HideSolutionNode = FALSE
	EndGlobalSection
	GlobalSection(NestedProjects) = preSolution
		{3721552C-638C-48CC-A154-F995CEA87505} = {56ED428E-4406-49E4-A454-B5B8EE848E66}
	EndGlobalSection
	GlobalSection(ExtensibilityGlobals) = postSolution
		SolutionGuid = {8DE7771A-9DD3-44DD-AA08-46514DA0F673}
	EndGlobalSection
EndGlobal
