{
  "name": "scratch-link",
  "version": "0.0.0",
  "lockfileVersion": 1,
  "requires": true,
  "dependencies": {
    "@vernier/godirect": {
      "version": "1.5.0",
      "resolved": "https://registry.npmjs.org/@vernier/godirect/-/godirect-1.5.0.tgz",
      "integrity": "sha512-vMS0fQubI3WSSLg1Ry3aey/qWCl9XoCsFzgwOWYkeJs45YxjPel+42pLh5pO7uP6oF47sjZUKx8kGOoTiiiirA==",
      "dev": true
    },
    "ajv": {
      "version": "6.3.0",
      "resolved": "https://registry.npmjs.org/ajv/-/ajv-6.3.0.tgz",
      "integrity": "sha1-FlCkERTvAFdMrBC4Ay2PTBSBLac=",
      "dev": true,
      "requires": {
        "fast-deep-equal": "^1.0.0",
        "fast-json-stable-stringify": "^2.0.0",
        "json-schema-traverse": "^0.3.0"
      }
    },
    "ajv-keywords": {
      "version": "3.5.2",
      "resolved": "https://registry.npmjs.org/ajv-keywords/-/ajv-keywords-3.5.2.tgz",
      "integrity": "sha512-5p6WTN0DdTGVQk6VjcEju19IgaHudalcfabD7yhDGeA6bcQnmL+CpveLJq/3hvfwd1aof6L386Ougkx6RfyMIQ==",
      "dev": true
    },
    "arraybuffer-loader": {
      "version": "1.0.8",
      "resolved": "https://registry.npmjs.org/arraybuffer-loader/-/arraybuffer-loader-1.0.8.tgz",
      "integrity": "sha512-CwUVCcxCgcgZUu2w741OV6Xj1tvRVQebq22RCyGXiLgJOJ4e4M/59EPYdtK2MLfIN28t1TDvuh2ojstNq3Kh5g==",
      "dev": true,
      "requires": {
        "loader-utils": "^1.1.0"
      }
    },
    "atob": {
      "version": "2.1.2",
      "resolved": "https://registry.npmjs.org/atob/-/atob-2.1.2.tgz",
      "integrity": "sha512-Wm6ukoaOGJi/73p/cl2GvLjTI5JM1k/O14isD73YML8StrH/7/lRFgmg8nICZgD3bZZvjwCGxtMOD3wWNAu8cg==",
      "dev": true
    },
    "big.js": {
      "version": "5.2.2",
      "resolved": "https://registry.npmjs.org/big.js/-/big.js-5.2.2.tgz",
      "integrity": "sha512-vyL2OymJxmarO8gxMr0mhChsO9QGwhynfuu4+MHTAW6czfq9humCB7rKpUjDd9YUiDPU4mzpyupFSvOClAwbmQ==",
      "dev": true
    },
    "btoa": {
      "version": "1.2.1",
      "resolved": "https://registry.npmjs.org/btoa/-/btoa-1.2.1.tgz",
      "integrity": "sha512-SB4/MIGlsiVkMcHmT+pSmIPoNDoHg+7cMzmt3Uxt628MTz2487DKSqK/fuhFBrkuqrYv5UCEnACpF4dTFNKc/g==",
      "dev": true
    },
    "canvas-toBlob": {
      "version": "1.0.0",
      "resolved": "https://registry.npmjs.org/canvas-toBlob/-/canvas-toBlob-1.0.0.tgz",
      "integrity": "sha1-m/MrKGu04SUhiyCO7MgyH9Az5sM=",
      "dev": true
    },
    "core-js": {
      "version": "2.3.0",
      "resolved": "https://registry.npmjs.org/core-js/-/core-js-2.3.0.tgz",
      "integrity": "sha1-+rg/uwstjchfpjbEudNMdUIMbWU=",
      "dev": true
    },
    "core-util-is": {
      "version": "1.0.3",
      "resolved": "https://registry.npmjs.org/core-util-is/-/core-util-is-1.0.3.tgz",
      "integrity": "sha512-ZQBvi1DcpJ4GDqanjucZ2Hj3wEO5pZDS89BWbkcrvdxksJorwUDDZamX9ldFkp9aw2lmBDLgkObEA4DWNJ9FYQ==",
      "dev": true
    },
    "decode-html": {
      "version": "2.0.0",
      "resolved": "https://registry.npmjs.org/decode-html/-/decode-html-2.0.0.tgz",
      "integrity": "sha1-fQqIfORCgOYJeKcH67f4CB/WHqo=",
      "dev": true
    },
    "diff-match-patch": {
      "version": "1.0.4",
      "resolved": "https://registry.npmjs.org/diff-match-patch/-/diff-match-patch-1.0.4.tgz",
      "integrity": "sha512-Uv3SW8bmH9nAtHKaKSanOQmj2DnlH65fUpcrMdfdaOxUG02QQ4YGZ8AE7kKOMisF7UqvOlGKVYWRvezdncW9lg==",
      "dev": true
    },
    "dom-serializer": {
      "version": "0.2.2",
      "resolved": "https://registry.npmjs.org/dom-serializer/-/dom-serializer-0.2.2.tgz",
      "integrity": "sha512-2/xPb3ORsQ42nHYiSunXkDjPLBaEj/xTwUO4B7XCZQTRk7EBtTOPaygh10YAAh2OI1Qrp6NWfpAhzswj0ydt9g==",
      "dev": true,
      "requires": {
        "domelementtype": "^2.0.1",
        "entities": "^2.0.0"
      },
      "dependencies": {
        "domelementtype": {
          "version": "2.2.0",
          "resolved": "https://registry.npmjs.org/domelementtype/-/domelementtype-2.2.0.tgz",
          "integrity": "sha512-DtBMo82pv1dFtUmHyr48beiuq792Sxohr+8Hm9zoxklYPfa6n0Z3Byjj2IV7bmr2IyqClnqEQhfgHJJ5QF0R5A==",
          "dev": true
        },
        "entities": {
          "version": "2.2.0",
          "resolved": "https://registry.npmjs.org/entities/-/entities-2.2.0.tgz",
          "integrity": "sha512-p92if5Nz619I0w+akJrLZH0MX0Pb5DX39XOwQTtXSdQQOaYH03S1uIQp4mhOZtAXrxq4ViO67YTiLBo2638o9A==",
          "dev": true
        }
      }
    },
    "domelementtype": {
      "version": "1.3.1",
      "resolved": "https://registry.npmjs.org/domelementtype/-/domelementtype-1.3.1.tgz",
      "integrity": "sha512-BSKB+TSpMpFI/HOxCNr1O8aMOTZ8hT3pM3GQ0w/mWRmkhEDSFJkkyzz4XQsBV44BChwGkrDfMyjVD0eA2aFV3w==",
      "dev": true
    },
    "domhandler": {
      "version": "2.4.2",
      "resolved": "https://registry.npmjs.org/domhandler/-/domhandler-2.4.2.tgz",
      "integrity": "sha512-JiK04h0Ht5u/80fdLMCEmV4zkNh2BcoMFBmZ/91WtYZ8qVXSKjiw7fXMgFPnHcSZgOo3XdinHvmnDUeMf5R4wA==",
      "dev": true,
      "requires": {
        "domelementtype": "1"
      }
    },
    "domutils": {
      "version": "1.7.0",
      "resolved": "https://registry.npmjs.org/domutils/-/domutils-1.7.0.tgz",
      "integrity": "sha512-Lgd2XcJ/NjEw+7tFvfKxOzCYKZsdct5lczQ2ZaQY8Djz7pfAD3Gbp8ySJWtreII/vDlMVmxwa6pHmdxIYgttDg==",
      "dev": true,
      "requires": {
        "dom-serializer": "0",
        "domelementtype": "1"
      }
    },
    "emojis-list": {
      "version": "3.0.0",
      "resolved": "https://registry.npmjs.org/emojis-list/-/emojis-list-3.0.0.tgz",
      "integrity": "sha512-/kyM18EfinwXZbno9FyUGeFh87KC8HRQBQGildHZbEuRyWFOmv1U10o9BBp8XVZDVNNuQKyIGIu5ZYAAXJ0V2Q==",
      "dev": true
    },
    "entities": {
      "version": "1.1.2",
      "resolved": "https://registry.npmjs.org/entities/-/entities-1.1.2.tgz",
      "integrity": "sha512-f2LZMYl1Fzu7YSBKg+RoROelpOaNrcGmE9AZubeDfrCEia483oW4MI4VyFd5VNHIgQ/7qm1I0wUHK1eJnn2y2w==",
      "dev": true
    },
    "es6-promise": {
      "version": "3.0.2",
      "resolved": "https://registry.npmjs.org/es6-promise/-/es6-promise-3.0.2.tgz",
      "integrity": "sha1-AQ1YWEI6XxGJeWZfRkhqlcbuK7Y=",
      "dev": true
    },
    "fast-deep-equal": {
      "version": "1.1.0",
      "resolved": "https://registry.npmjs.org/fast-deep-equal/-/fast-deep-equal-1.1.0.tgz",
      "integrity": "sha1-wFNHeBfIa1HaqFPIHgWbcz0CNhQ=",
      "dev": true
    },
    "fast-json-stable-stringify": {
      "version": "2.1.0",
      "resolved": "https://registry.npmjs.org/fast-json-stable-stringify/-/fast-json-stable-stringify-2.1.0.tgz",
      "integrity": "sha512-lhd/wF+Lk98HZoTCtlVraHtfh5XYijIjalXck7saUtuanSDyLMxnHhSXEDJqHxD7msR8D0uCmqlkwjCV8xvwHw==",
      "dev": true
    },
    "format-message": {
      "version": "6.2.1",
      "resolved": "https://registry.npmjs.org/format-message/-/format-message-6.2.1.tgz",
      "integrity": "sha512-6gBXI+MOE9pu9QNeZf95V87GKYiLCdUvhisjts75xonaPAshtBu20NTZt2l8kbYcoMtxNyH9E9af+aieIRfVmw==",
      "dev": true,
      "requires": {
        "format-message-formats": "^6.2.0",
        "format-message-interpret": "^6.2.0",
        "format-message-parse": "^6.2.0",
        "lookup-closest-locale": "^6.2.0"
      }
    },
    "format-message-formats": {
      "version": "6.2.4",
      "resolved": "https://registry.npmjs.org/format-message-formats/-/format-message-formats-6.2.4.tgz",
      "integrity": "sha512-smT/fAqBLqusWfWCKRAx6QBDAAbmYznWsIyTyk66COmvwt2Byiqd7SJe2ma9a5oV0kwRaOJpN/F4lr4YK/n6qQ==",
      "dev": true
    },
    "format-message-interpret": {
      "version": "6.2.4",
      "resolved": "https://registry.npmjs.org/format-message-interpret/-/format-message-interpret-6.2.4.tgz",
      "integrity": "sha512-dRvz9mXhITApyOtfuFEb/XqvCe1u6RMkQW49UJHXS8w2S8cAHCqq5LNDFK+QK6XVzcofROycLb/k1uybTAKt2w==",
      "dev": true,
      "requires": {
        "format-message-formats": "^6.2.4",
        "lookup-closest-locale": "^6.2.0"
      }
    },
    "format-message-parse": {
      "version": "6.2.4",
      "resolved": "https://registry.npmjs.org/format-message-parse/-/format-message-parse-6.2.4.tgz",
      "integrity": "sha512-k7WqXkEzgXkW4wkHdS6Cv2Ou0rIFtiDelZjgoe1saW4p7FT7zS8OeAUpAekhormqzpeecR97e4vBft1zMsfFOQ==",
      "dev": true
    },
    "htmlparser2": {
      "version": "3.10.0",
      "resolved": "https://registry.npmjs.org/htmlparser2/-/htmlparser2-3.10.0.tgz",
      "integrity": "sha512-J1nEUGv+MkXS0weHNWVKJJ+UrLfePxRWpN3C9bEi9fLxL2+ggW94DQvgYVXsaT30PGwYRIZKNZXuyMhp3Di4bQ==",
      "dev": true,
      "requires": {
        "domelementtype": "^1.3.0",
        "domhandler": "^2.3.0",
        "domutils": "^1.5.1",
        "entities": "^1.1.1",
        "inherits": "^2.0.1",
        "readable-stream": "^3.0.6"
      }
    },
    "immediate": {
      "version": "3.0.6",
      "resolved": "https://registry.npmjs.org/immediate/-/immediate-3.0.6.tgz",
      "integrity": "sha1-nbHb0Pr43m++D13V5Wu2BigN5ps=",
      "dev": true
    },
    "immutable": {
      "version": "3.8.1",
      "resolved": "https://registry.npmjs.org/immutable/-/immutable-3.8.1.tgz",
      "integrity": "sha1-IAgH8Rqw9ycQ6khVQt4IgHX2jNI=",
      "dev": true
    },
    "inherits": {
      "version": "2.0.4",
      "resolved": "https://registry.npmjs.org/inherits/-/inherits-2.0.4.tgz",
      "integrity": "sha512-k/vGaX4/Yla3WzyMCvTQOXYeIHvqOKtnqBduzTHpzpQZzAskKMhZ2K+EnBiSM9zGSoIFeMpXKxa4dYeZIQqewQ==",
      "dev": true
    },
    "isarray": {
      "version": "1.0.0",
      "resolved": "https://registry.npmjs.org/isarray/-/isarray-1.0.0.tgz",
      "integrity": "sha1-u5NdSFgsuhaMBoNJV6VKPgcSTxE=",
      "dev": true
    },
    "js-md5": {
      "version": "0.7.3",
      "resolved": "https://registry.npmjs.org/js-md5/-/js-md5-0.7.3.tgz",
      "integrity": "sha512-ZC41vPSTLKGwIRjqDh8DfXoCrdQIyBgspJVPXHBGu4nZlAEvG3nf+jO9avM9RmLiGakg7vz974ms99nEV0tmTQ==",
      "dev": true
    },
    "json-schema-traverse": {
      "version": "0.3.1",
      "resolved": "https://registry.npmjs.org/json-schema-traverse/-/json-schema-traverse-0.3.1.tgz",
      "integrity": "sha1-NJptRMU6Ud6JtAgFxdXlm0F9M0A=",
      "dev": true
    },
    "json5": {
      "version": "1.0.1",
      "resolved": "https://registry.npmjs.org/json5/-/json5-1.0.1.tgz",
      "integrity": "sha512-aKS4WQjPenRxiQsC93MNfjx+nbF4PAdYzmd/1JIj8HYzqfbu86beTuNgXDzPknWk0n0uARlyewZo4s++ES36Ow==",
      "dev": true,
      "requires": {
        "minimist": "^1.2.0"
      }
    },
    "jszip": {
      "version": "3.8.0",
      "resolved": "https://registry.npmjs.org/jszip/-/jszip-3.8.0.tgz",
      "integrity": "sha512-cnpQrXvFSLdsR9KR5/x7zdf6c3m8IhZfZzSblFEHSqBaVwD2nvJ4CuCKLyvKvwBgZm08CgfSoiTBQLm5WW9hGw==",
      "dev": true,
      "requires": {
        "lie": "~3.3.0",
        "pako": "~1.0.2",
        "readable-stream": "~2.3.6",
        "set-immediate-shim": "~1.0.1"
      },
      "dependencies": {
        "readable-stream": {
          "version": "2.3.7",
          "resolved": "https://registry.npmjs.org/readable-stream/-/readable-stream-2.3.7.tgz",
          "integrity": "sha512-Ebho8K4jIbHAxnuxi7o42OrZgF/ZTNcsZj6nRKyUmkhLFq8CHItp/fy6hQZuZmP/n3yZ9VBUbp4zz/mX8hmYPw==",
          "dev": true,
          "requires": {
            "core-util-is": "~1.0.0",
            "inherits": "~2.0.3",
            "isarray": "~1.0.0",
            "process-nextick-args": "~2.0.0",
            "safe-buffer": "~5.1.1",
            "string_decoder": "~1.1.1",
            "util-deprecate": "~1.0.1"
          }
        },
        "safe-buffer": {
          "version": "5.1.2",
          "resolved": "https://registry.npmjs.org/safe-buffer/-/safe-buffer-5.1.2.tgz",
          "integrity": "sha512-Gd2UZBJDkXlY7GbJxfsE8/nvKkUEU1G38c1siN6QP6a9PT9MmHB8GnpscSmMJSoF8LOIrt8ud/wPtojys4G6+g==",
          "dev": true
        },
        "string_decoder": {
          "version": "1.1.1",
          "resolved": "https://registry.npmjs.org/string_decoder/-/string_decoder-1.1.1.tgz",
          "integrity": "sha512-n/ShnvDi6FHbbVfviro+WojiFzv+s8MPMHBczVePfUpDJLwoLT0ht1l4YwBCbi8pJAveEEdnkHyPyTP/mzRfwg==",
          "dev": true,
          "requires": {
            "safe-buffer": "~5.1.0"
          }
        }
      }
    },
    "lie": {
      "version": "3.3.0",
      "resolved": "https://registry.npmjs.org/lie/-/lie-3.3.0.tgz",
      "integrity": "sha512-UaiMJzeWRlEujzAuw5LokY1L5ecNQYZKfmyZ9L7wDHb/p5etKaxXhohBcrw0EYby+G/NA52vRSN4N39dxHAIwQ==",
      "dev": true,
      "requires": {
        "immediate": "~3.0.5"
      }
    },
    "loader-utils": {
      "version": "1.4.0",
      "resolved": "https://registry.npmjs.org/loader-utils/-/loader-utils-1.4.0.tgz",
      "integrity": "sha512-qH0WSMBtn/oHuwjy/NucEgbx5dbxxnxup9s4PVXJUDHZBQY+s0NWA9rJf53RBnQZxfch7euUui7hpoAPvALZdA==",
      "dev": true,
      "requires": {
        "big.js": "^5.2.2",
        "emojis-list": "^3.0.0",
        "json5": "^1.0.1"
      }
    },
    "lookup-closest-locale": {
      "version": "6.2.0",
      "resolved": "https://registry.npmjs.org/lookup-closest-locale/-/lookup-closest-locale-6.2.0.tgz",
      "integrity": "sha512-/c2kL+Vnp1jnV6K6RpDTHK3dgg0Tu2VVp+elEiJpjfS1UyY7AjOYHohRug6wT0OpoX2qFgNORndE9RqesfVxWQ==",
      "dev": true
    },
    "microee": {
      "version": "0.0.6",
      "resolved": "https://registry.npmjs.org/microee/-/microee-0.0.6.tgz",
      "integrity": "sha1-oSvbAQNoHosSapsHHrpMRnx4//4=",
      "dev": true
    },
    "minilog": {
      "version": "3.1.0",
      "resolved": "https://registry.npmjs.org/minilog/-/minilog-3.1.0.tgz",
      "integrity": "sha1-0tDxiHyjY9Gs8OqG1cTfKTs/tnU=",
      "dev": true,
      "requires": {
        "microee": "0.0.6"
      }
    },
    "minimist": {
      "version": "1.2.6",
      "resolved": "https://registry.npmjs.org/minimist/-/minimist-1.2.6.tgz",
      "integrity": "sha512-Jsjnk4bw3YJqYzbdyBiNsPWHPfO++UGG749Cxs6peCu5Xg4nrena6OVxOYxrQTqww0Jmwt+Ref8rggumkTLz9Q==",
      "dev": true
    },
    "pako": {
      "version": "1.0.11",
      "resolved": "https://registry.npmjs.org/pako/-/pako-1.0.11.tgz",
      "integrity": "sha512-4hLB8Py4zZce5s4yd9XzopqwVv/yGNhV1Bl8NTmCq1763HeK2+EwVTv+leGeL13Dnh2wfbqowVPXCIO0z4taYw==",
      "dev": true
    },
    "pify": {
      "version": "4.0.1",
      "resolved": "https://registry.npmjs.org/pify/-/pify-4.0.1.tgz",
      "integrity": "sha512-uB80kBFb/tfd68bVleG9T5GGsGPjJrLAUpR5PZIrhBnIaRTQRjqdJSsIKkOP6OAIFbj7GOrcudc5pNjZ+geV2g==",
      "dev": true
    },
    "process-nextick-args": {
      "version": "2.0.1",
      "resolved": "https://registry.npmjs.org/process-nextick-args/-/process-nextick-args-2.0.1.tgz",
      "integrity": "sha512-3ouUOpQhtgrbOa17J7+uxOTpITYWaGP7/AhoR3+A+/1e9skrzelGi/dXzEYyvbxubEF6Wn2ypscTKiKJFFn1ag==",
      "dev": true
    },
    "readable-stream": {
      "version": "3.6.0",
      "resolved": "https://registry.npmjs.org/readable-stream/-/readable-stream-3.6.0.tgz",
      "integrity": "sha512-BViHy7LKeTz4oNnkcLJ+lVSL6vpiFeX6/d3oSH8zCW7UxP2onchk+vTGB143xuFjHS3deTgkKoXXymXqymiIdA==",
      "dev": true,
      "requires": {
        "inherits": "^2.0.3",
        "string_decoder": "^1.1.1",
        "util-deprecate": "^1.0.1"
      }
    },
    "safe-buffer": {
      "version": "5.2.1",
      "resolved": "https://registry.npmjs.org/safe-buffer/-/safe-buffer-5.2.1.tgz",
      "integrity": "sha512-rp3So07KcdmmKbGvgaNxQSJr7bGVSVk5S9Eq1F+ppbRo70+YeaDxkw5Dd8NPN+GD6bjnYm2VuPuCXmpuYvmCXQ==",
      "dev": true
    },
    "schema-utils": {
      "version": "0.4.7",
      "resolved": "https://registry.npmjs.org/schema-utils/-/schema-utils-0.4.7.tgz",
      "integrity": "sha512-v/iwU6wvwGK8HbU9yi3/nhGzP0yGSuhQMzL6ySiec1FSrZZDkhm4noOSWzrNFo/jEc+SJY6jRTwuwbSXJPDUnQ==",
      "dev": true,
      "requires": {
        "ajv": "^6.1.0",
        "ajv-keywords": "^3.1.0"
      }
    },
    "scratch-parser": {
      "version": "5.0.0",
      "resolved": "https://registry.npmjs.org/scratch-parser/-/scratch-parser-5.0.0.tgz",
      "integrity": "sha512-7kjxoxivLgYYvmAJVLOOWnca4CigwuCpgjy9+6UuxOMgSZKO1xqIjxIADupabmh1ZLZZDVe45DBM/CQTdtVDkw==",
      "dev": true,
      "requires": {
        "ajv": "6.3.0",
        "jszip": "3.1.5",
        "pify": "4.0.1"
      },
      "dependencies": {
        "jszip": {
          "version": "3.1.5",
          "resolved": "https://registry.npmjs.org/jszip/-/jszip-3.1.5.tgz",
          "integrity": "sha512-5W8NUaFRFRqTOL7ZDDrx5qWHJyBXy6velVudIzQUSoqAAYqzSh2Z7/m0Rf1QbmQJccegD0r+YZxBjzqoBiEeJQ==",
          "dev": true,
          "requires": {
            "core-js": "~2.3.0",
            "es6-promise": "~3.0.2",
            "lie": "~3.1.0",
            "pako": "~1.0.2",
            "readable-stream": "~2.0.6"
          }
        },
        "lie": {
          "version": "3.1.1",
          "resolved": "https://registry.npmjs.org/lie/-/lie-3.1.1.tgz",
          "integrity": "sha1-mkNrLMd0bKWd56QfpGmz77dr2H4=",
          "dev": true,
          "requires": {
            "immediate": "~3.0.5"
          }
        },
        "process-nextick-args": {
          "version": "1.0.7",
          "resolved": "https://registry.npmjs.org/process-nextick-args/-/process-nextick-args-1.0.7.tgz",
          "integrity": "sha1-FQ4gt1ZZCtP5EJPyWk8q2L/zC6M=",
          "dev": true
        },
        "readable-stream": {
          "version": "2.0.6",
          "resolved": "https://registry.npmjs.org/readable-stream/-/readable-stream-2.0.6.tgz",
          "integrity": "sha1-j5A0HmilPMySh4jaz80Rs265t44=",
          "dev": true,
          "requires": {
            "core-util-is": "~1.0.0",
            "inherits": "~2.0.1",
            "isarray": "~1.0.0",
            "process-nextick-args": "~1.0.6",
            "string_decoder": "~0.10.x",
            "util-deprecate": "~1.0.1"
          }
        },
        "string_decoder": {
          "version": "0.10.31",
          "resolved": "https://registry.npmjs.org/string_decoder/-/string_decoder-0.10.31.tgz",
          "integrity": "sha1-YuIDvEF2bGwoyfyEMB2rHFMQ+pQ=",
          "dev": true
        }
      }
    },
    "scratch-sb1-converter": {
      "version": "0.2.7",
      "resolved": "https://registry.npmjs.org/scratch-sb1-converter/-/scratch-sb1-converter-0.2.7.tgz",
      "integrity": "sha512-MF1NzmRLbgCiq7wiSTuk2C9rQC8uM5Wj7SaYsn1SEMWNK9rtK0uc3LSm8FnEt14QS/1Icx2YgMsUPKR0HaPDdQ==",
      "dev": true,
      "requires": {
        "js-md5": "0.7.3",
        "minilog": "3.1.0",
        "text-encoding": "^0.7.0"
      }
    },
    "scratch-translate-extension-languages": {
      "version": "0.0.20191118205314",
      "resolved": "https://registry.npmjs.org/scratch-translate-extension-languages/-/scratch-translate-extension-languages-0.0.20191118205314.tgz",
      "integrity": "sha512-r0lvpgQjPMjbhI2wROrgoXzBhCvWJdkbAqJMfl2CdNqrwBpUXqLvNNtI3VtNLPJAcp9VfxEylkU9lVZ0gvU46Q==",
      "dev": true
    },
    "scratch-vm": {
      "version": "0.2.0-prerelease.20220331115441",
      "resolved": "https://registry.npmjs.org/scratch-vm/-/scratch-vm-0.2.0-prerelease.20220331115441.tgz",
      "integrity": "sha512-O6xtNQcwde14q+W9/7CYuSGDfnXY52qoHe8E7I9DAj3uxczPGfjUhH7Q3UwjDAqt/pVJ4Gv7dB9LdDXneko9Sg==",
      "dev": true,
      "requires": {
        "@vernier/godirect": "1.5.0",
        "arraybuffer-loader": "^1.0.6",
        "atob": "2.1.2",
        "btoa": "1.2.1",
        "canvas-toBlob": "1.0.0",
        "decode-html": "2.0.0",
        "diff-match-patch": "1.0.4",
        "format-message": "6.2.1",
        "htmlparser2": "3.10.0",
        "immutable": "3.8.1",
        "jszip": "^3.1.5",
        "minilog": "3.1.0",
        "scratch-parser": "5.0.0",
        "scratch-sb1-converter": "0.2.7",
        "scratch-translate-extension-languages": "0.0.20191118205314",
        "text-encoding": "0.7.0",
        "worker-loader": "^1.1.1"
      }
    },
    "set-immediate-shim": {
      "version": "1.0.1",
      "resolved": "https://registry.npmjs.org/set-immediate-shim/-/set-immediate-shim-1.0.1.tgz",
      "integrity": "sha1-SysbJ+uAip+NzEgaWOXlb1mfP2E=",
      "dev": true
    },
    "string_decoder": {
      "version": "1.3.0",
      "resolved": "https://registry.npmjs.org/string_decoder/-/string_decoder-1.3.0.tgz",
      "integrity": "sha512-hkRX8U1WjJFd8LsDJ2yQ/wWWxaopEsABU1XfkM8A+j0+85JAGppt16cr1Whg6KIbb4okU6Mql6BOj+uup/wKeA==",
      "dev": true,
      "requires": {
        "safe-buffer": "~5.2.0"
      }
    },
    "text-encoding": {
      "version": "0.7.0",
      "resolved": "https://registry.npmjs.org/text-encoding/-/text-encoding-0.7.0.tgz",
      "integrity": "sha512-oJQ3f1hrOnbRLOcwKz0Liq2IcrvDeZRHXhd9RgLrsT+DjWY/nty1Hi7v3dtkaEYbPYe0mUoOfzRrMwfXXwgPUA==",
      "dev": true
    },
    "util-deprecate": {
      "version": "1.0.2",
      "resolved": "https://registry.npmjs.org/util-deprecate/-/util-deprecate-1.0.2.tgz",
      "integrity": "sha1-RQ1Nyfpw3nMnYvvS1KKJgUGaDM8=",
      "dev": true
    },
    "worker-loader": {
      "version": "1.1.1",
      "resolved": "https://registry.npmjs.org/worker-loader/-/worker-loader-1.1.1.tgz",
      "integrity": "sha512-qJZLVS/jMCBITDzPo/RuweYSIG8VJP5P67mP/71alGyTZRe1LYJFdwLjLalY3T5ifx0bMDRD3OB6P2p1escvlg==",
      "dev": true,
      "requires": {
        "loader-utils": "^1.0.0",
        "schema-utils": "^0.4.0"
      }
    }
  }
}
