{
  "object": {
    "pins": [
      {
        "package": "Swifter",
        "repositoryURL": "https://github.com/cwillisf/swifter.git",
        "state": {
          "branch": "stable",
          "revision": "3c86f8e4031ae37f3decc7cac1931356e80d4759",
          "version": null
        }
      }
    ]
  },
  "version": 1
}
