
Microsoft Visual Studio Solution File, Format Version 12.00
# Visual Studio Version 17
VisualStudioVersion = 17.0.31611.283
MinimumVisualStudioVersion = 10.0.40219.1
Project("{2150E333-8FDC-42A3-9474-1A3956D46DE8}") = "Documentation", "Documentation", "{76FB6BC3-4F2E-46D1-97C2-60345B053C9C}"
	ProjectSection(SolutionItems) = preProject
		Documentation\Architecture.md = Documentation\Architecture.md
		Documentation\Bluetooth.md = Documentation\Bluetooth.md
		Documentation\BluetoothLE.md = Documentation\BluetoothLE.md
		Documentation\NetworkProtocol.md = Documentation\NetworkProtocol.md
		Documentation\TestPlans.md = Documentation\TestPlans.md
	EndProjectSection
EndProject
Project("{2150E333-8FDC-42A3-9474-1A3956D46DE8}") = "Solution Items", "Solution Items", "{E37C17DD-8722-46CA-AB2F-B2A42845B3B1}"
	ProjectSection(SolutionItems) = preProject
		.editorconfig = .editorconfig
		.gitattributes = .gitattributes
		.gitignore = .gitignore
		.markdownlintrc = .markdownlintrc
		LICENSE = LICENSE
		Makefile = Makefile
		package.json = package.json
		playground.html = playground.html
		README.md = README.md
		release.config.js = release.config.js
		renovate.json5 = renovate.json5
		stylecop.json = stylecop.json
		svg-convert.sh = svg-convert.sh
		TRADEMARK = TRADEMARK
	EndProjectSection
EndProject
Project("{D954291E-2A0B-460D-934E-DC6B0785DB48}") = "scratch-link-common", "scratch-link-common\scratch-link-common.shproj", "{06B5D2A3-AD0A-4704-B00D-BCFF634E7709}"
EndProject
Project("{FAE04EC0-301F-11D3-BF4B-00C04F79EFBC}") = "scratch-link-mac", "scratch-link-mac\scratch-link-mac.csproj", "{CDF7978E-13C6-40A9-81F9-2A3B4F7E861C}"
EndProject
Project("{2150E333-8FDC-42A3-9474-1A3956D46DE8}") = "SharedProps", "SharedProps", "{52974047-90CA-4584-811B-242220DB05AB}"
	ProjectSection(SolutionItems) = preProject
		SharedProps\CommonPackageRefs.props = SharedProps\CommonPackageRefs.props
		SharedProps\ScratchVersion.targets = SharedProps\ScratchVersion.targets
		SharedProps\StyleCop.props = SharedProps\StyleCop.props
		SharedProps\WindowsSDK.props = SharedProps\WindowsSDK.props
	EndProjectSection
EndProject
Project("{2150E333-8FDC-42A3-9474-1A3956D46DE8}") = "fastlane", "fastlane", "{B8CCE705-64FD-4DA3-AF6D-BDC1028DD044}"
	ProjectSection(SolutionItems) = preProject
		fastlane\Appfile = fastlane\Appfile
		fastlane\Fastfile = fastlane\Fastfile
		fastlane\README-match.md = fastlane\README-match.md
		fastlane\README.md = fastlane\README.md
	EndProjectSection
EndProject
Project("{2150E333-8FDC-42A3-9474-1A3956D46DE8}") = ".circleci", ".circleci", "{172A147D-A614-4442-B600-BAC18EF8F1DF}"
	ProjectSection(SolutionItems) = preProject
		.circleci\config-disabled.yml = .circleci\config-disabled.yml
		.circleci\install-or-extract-vs-mac.sh = .circleci\install-or-extract-vs-mac.sh
	EndProjectSection
EndProject
Project("{9A19103F-16F7-4668-BE54-9A1E7A4F7556}") = "scratch-link-win", "scratch-link-win\scratch-link-win.csproj", "{B21C2FCE-7670-402A-B8EE-958F3896F237}"
EndProject
Project("{C7167F0D-BC9F-4E6E-AFE1-012C56B48DB5}") = "scratch-link-win-msix", "scratch-link-win-msix\scratch-link-win-msix.wapproj", "{265CA433-8639-4E8D-A7F3-09B1B3495D92}"
EndProject
Project("{2150E333-8FDC-42A3-9474-1A3956D46DE8}") = ".github", ".github", "{05F0C24B-4EA1-4B11-9F86-DB3F1EDEE785}"
	ProjectSection(SolutionItems) = preProject
		.github\CONTRIBUTING.md = .github\CONTRIBUTING.md
		.github\ISSUE_TEMPLATE.md = .github\ISSUE_TEMPLATE.md
		.github\PULL_REQUEST_TEMPLATE.md = .github\PULL_REQUEST_TEMPLATE.md
	EndProjectSection
EndProject
Project("{2150E333-8FDC-42A3-9474-1A3956D46DE8}") = "workflows", "workflows", "{D5766652-E655-4726-8289-C45C43A14639}"
	ProjectSection(SolutionItems) = preProject
		.github\workflows\ci.yml = .github\workflows\ci.yml
	EndProjectSection
EndProject
Global
	GlobalSection(SolutionConfigurationPlatforms) = preSolution
		Debug_Mac|Any CPU = Debug_Mac|Any CPU
		Debug_Mac|ARM64 = Debug_Mac|ARM64
		Debug_Mac|x64 = Debug_Mac|x64
		Debug_Mac|x86 = Debug_Mac|x86
		Debug_Win|Any CPU = Debug_Win|Any CPU
		Debug_Win|ARM64 = Debug_Win|ARM64
		Debug_Win|x64 = Debug_Win|x64
		Debug_Win|x86 = Debug_Win|x86
		Release_DevID_Mac|Any CPU = Release_DevID_Mac|Any CPU
		Release_DevID_Mac|ARM64 = Release_DevID_Mac|ARM64
		Release_DevID_Mac|x64 = Release_DevID_Mac|x64
		Release_DevID_Mac|x86 = Release_DevID_Mac|x86
		Release_Mac|Any CPU = Release_Mac|Any CPU
		Release_Mac|ARM64 = Release_Mac|ARM64
		Release_Mac|x64 = Release_Mac|x64
		Release_Mac|x86 = Release_Mac|x86
		Release_MAS_Mac|Any CPU = Release_MAS_Mac|Any CPU
		Release_MAS_Mac|ARM64 = Release_MAS_Mac|ARM64
		Release_MAS_Mac|x64 = Release_MAS_Mac|x64
		Release_MAS_Mac|x86 = Release_MAS_Mac|x86
		Release_Win|Any CPU = Release_Win|Any CPU
		Release_Win|ARM64 = Release_Win|ARM64
		Release_Win|x64 = Release_Win|x64
		Release_Win|x86 = Release_Win|x86
	EndGlobalSection
	GlobalSection(ProjectConfigurationPlatforms) = postSolution
		{CDF7978E-13C6-40A9-81F9-2A3B4F7E861C}.Debug_Mac|Any CPU.ActiveCfg = Debug|Any CPU
		{CDF7978E-13C6-40A9-81F9-2A3B4F7E861C}.Debug_Mac|Any CPU.Build.0 = Debug|Any CPU
		{CDF7978E-13C6-40A9-81F9-2A3B4F7E861C}.Debug_Mac|ARM64.ActiveCfg = Debug|Any CPU
		{CDF7978E-13C6-40A9-81F9-2A3B4F7E861C}.Debug_Mac|x64.ActiveCfg = Debug|Any CPU
		{CDF7978E-13C6-40A9-81F9-2A3B4F7E861C}.Debug_Mac|x86.ActiveCfg = Debug|Any CPU
		{CDF7978E-13C6-40A9-81F9-2A3B4F7E861C}.Debug_Win|Any CPU.ActiveCfg = Debug|Any CPU
		{CDF7978E-13C6-40A9-81F9-2A3B4F7E861C}.Debug_Win|ARM64.ActiveCfg = Debug|Any CPU
		{CDF7978E-13C6-40A9-81F9-2A3B4F7E861C}.Debug_Win|x64.ActiveCfg = Debug|Any CPU
		{CDF7978E-13C6-40A9-81F9-2A3B4F7E861C}.Debug_Win|x86.ActiveCfg = Debug|Any CPU
		{CDF7978E-13C6-40A9-81F9-2A3B4F7E861C}.Release_DevID_Mac|Any CPU.ActiveCfg = Release_DevID|Any CPU
		{CDF7978E-13C6-40A9-81F9-2A3B4F7E861C}.Release_DevID_Mac|Any CPU.Build.0 = Release_DevID|Any CPU
		{CDF7978E-13C6-40A9-81F9-2A3B4F7E861C}.Release_DevID_Mac|ARM64.ActiveCfg = Release_DevID|Any CPU
		{CDF7978E-13C6-40A9-81F9-2A3B4F7E861C}.Release_DevID_Mac|x64.ActiveCfg = Release_DevID|Any CPU
		{CDF7978E-13C6-40A9-81F9-2A3B4F7E861C}.Release_DevID_Mac|x86.ActiveCfg = Release_DevID|Any CPU
		{CDF7978E-13C6-40A9-81F9-2A3B4F7E861C}.Release_Mac|Any CPU.ActiveCfg = Release|Any CPU
		{CDF7978E-13C6-40A9-81F9-2A3B4F7E861C}.Release_Mac|Any CPU.Build.0 = Release|Any CPU
		{CDF7978E-13C6-40A9-81F9-2A3B4F7E861C}.Release_Mac|ARM64.ActiveCfg = Release|Any CPU
		{CDF7978E-13C6-40A9-81F9-2A3B4F7E861C}.Release_Mac|x64.ActiveCfg = Release|Any CPU
		{CDF7978E-13C6-40A9-81F9-2A3B4F7E861C}.Release_Mac|x86.ActiveCfg = Release|Any CPU
		{CDF7978E-13C6-40A9-81F9-2A3B4F7E861C}.Release_MAS_Mac|Any CPU.ActiveCfg = Release_MAS|Any CPU
		{CDF7978E-13C6-40A9-81F9-2A3B4F7E861C}.Release_MAS_Mac|Any CPU.Build.0 = Release_MAS|Any CPU
		{CDF7978E-13C6-40A9-81F9-2A3B4F7E861C}.Release_MAS_Mac|ARM64.ActiveCfg = Release_MAS|Any CPU
		{CDF7978E-13C6-40A9-81F9-2A3B4F7E861C}.Release_MAS_Mac|x64.ActiveCfg = Release_MAS|Any CPU
		{CDF7978E-13C6-40A9-81F9-2A3B4F7E861C}.Release_MAS_Mac|x86.ActiveCfg = Release_MAS|Any CPU
		{CDF7978E-13C6-40A9-81F9-2A3B4F7E861C}.Release_Win|Any CPU.ActiveCfg = Release|Any CPU
		{CDF7978E-13C6-40A9-81F9-2A3B4F7E861C}.Release_Win|ARM64.ActiveCfg = Release|Any CPU
		{CDF7978E-13C6-40A9-81F9-2A3B4F7E861C}.Release_Win|x64.ActiveCfg = Release|Any CPU
		{CDF7978E-13C6-40A9-81F9-2A3B4F7E861C}.Release_Win|x86.ActiveCfg = Release|Any CPU
		{B21C2FCE-7670-402A-B8EE-958F3896F237}.Debug_Mac|Any CPU.ActiveCfg = Debug|Any CPU
		{B21C2FCE-7670-402A-B8EE-958F3896F237}.Debug_Mac|ARM64.ActiveCfg = Debug|Any CPU
		{B21C2FCE-7670-402A-B8EE-958F3896F237}.Debug_Mac|x64.ActiveCfg = Debug|Any CPU
		{B21C2FCE-7670-402A-B8EE-958F3896F237}.Debug_Mac|x86.ActiveCfg = Debug|Any CPU
		{B21C2FCE-7670-402A-B8EE-958F3896F237}.Debug_Win|Any CPU.ActiveCfg = Debug|Any CPU
		{B21C2FCE-7670-402A-B8EE-958F3896F237}.Debug_Win|Any CPU.Build.0 = Debug|Any CPU
		{B21C2FCE-7670-402A-B8EE-958F3896F237}.Debug_Win|ARM64.ActiveCfg = Debug|Any CPU
		{B21C2FCE-7670-402A-B8EE-958F3896F237}.Debug_Win|ARM64.Build.0 = Debug|Any CPU
		{B21C2FCE-7670-402A-B8EE-958F3896F237}.Debug_Win|x64.ActiveCfg = Debug|Any CPU
		{B21C2FCE-7670-402A-B8EE-958F3896F237}.Debug_Win|x64.Build.0 = Debug|Any CPU
		{B21C2FCE-7670-402A-B8EE-958F3896F237}.Debug_Win|x86.ActiveCfg = Debug|Any CPU
		{B21C2FCE-7670-402A-B8EE-958F3896F237}.Debug_Win|x86.Build.0 = Debug|Any CPU
		{B21C2FCE-7670-402A-B8EE-958F3896F237}.Release_DevID_Mac|Any CPU.ActiveCfg = Release|Any CPU
		{B21C2FCE-7670-402A-B8EE-958F3896F237}.Release_DevID_Mac|ARM64.ActiveCfg = Release|Any CPU
		{B21C2FCE-7670-402A-B8EE-958F3896F237}.Release_DevID_Mac|x64.ActiveCfg = Release|Any CPU
		{B21C2FCE-7670-402A-B8EE-958F3896F237}.Release_DevID_Mac|x86.ActiveCfg = Release|Any CPU
		{B21C2FCE-7670-402A-B8EE-958F3896F237}.Release_Mac|Any CPU.ActiveCfg = Release|Any CPU
		{B21C2FCE-7670-402A-B8EE-958F3896F237}.Release_Mac|ARM64.ActiveCfg = Release|Any CPU
		{B21C2FCE-7670-402A-B8EE-958F3896F237}.Release_Mac|x64.ActiveCfg = Release|Any CPU
		{B21C2FCE-7670-402A-B8EE-958F3896F237}.Release_Mac|x86.ActiveCfg = Release|Any CPU
		{B21C2FCE-7670-402A-B8EE-958F3896F237}.Release_MAS_Mac|Any CPU.ActiveCfg = Release|Any CPU
		{B21C2FCE-7670-402A-B8EE-958F3896F237}.Release_MAS_Mac|ARM64.ActiveCfg = Release|Any CPU
		{B21C2FCE-7670-402A-B8EE-958F3896F237}.Release_MAS_Mac|x64.ActiveCfg = Release|Any CPU
		{B21C2FCE-7670-402A-B8EE-958F3896F237}.Release_MAS_Mac|x86.ActiveCfg = Release|Any CPU
		{B21C2FCE-7670-402A-B8EE-958F3896F237}.Release_Win|Any CPU.ActiveCfg = Release|Any CPU
		{B21C2FCE-7670-402A-B8EE-958F3896F237}.Release_Win|Any CPU.Build.0 = Release|Any CPU
		{B21C2FCE-7670-402A-B8EE-958F3896F237}.Release_Win|ARM64.ActiveCfg = Release|Any CPU
		{B21C2FCE-7670-402A-B8EE-958F3896F237}.Release_Win|ARM64.Build.0 = Release|Any CPU
		{B21C2FCE-7670-402A-B8EE-958F3896F237}.Release_Win|x64.ActiveCfg = Release|Any CPU
		{B21C2FCE-7670-402A-B8EE-958F3896F237}.Release_Win|x64.Build.0 = Release|Any CPU
		{B21C2FCE-7670-402A-B8EE-958F3896F237}.Release_Win|x86.ActiveCfg = Release|Any CPU
		{B21C2FCE-7670-402A-B8EE-958F3896F237}.Release_Win|x86.Build.0 = Release|Any CPU
		{265CA433-8639-4E8D-A7F3-09B1B3495D92}.Debug_Mac|Any CPU.ActiveCfg = Debug_Win|Any CPU
		{265CA433-8639-4E8D-A7F3-09B1B3495D92}.Debug_Mac|ARM64.ActiveCfg = Debug_Win|ARM64
		{265CA433-8639-4E8D-A7F3-09B1B3495D92}.Debug_Mac|x64.ActiveCfg = Debug_Win|x64
		{265CA433-8639-4E8D-A7F3-09B1B3495D92}.Debug_Mac|x86.ActiveCfg = Debug_Win|x86
		{265CA433-8639-4E8D-A7F3-09B1B3495D92}.Debug_Win|Any CPU.ActiveCfg = Debug_Win|Any CPU
		{265CA433-8639-4E8D-A7F3-09B1B3495D92}.Debug_Win|ARM64.ActiveCfg = Debug_Win|ARM64
		{265CA433-8639-4E8D-A7F3-09B1B3495D92}.Debug_Win|ARM64.Build.0 = Debug_Win|ARM64
		{265CA433-8639-4E8D-A7F3-09B1B3495D92}.Debug_Win|ARM64.Deploy.0 = Debug_Win|ARM64
		{265CA433-8639-4E8D-A7F3-09B1B3495D92}.Debug_Win|x64.ActiveCfg = Debug_Win|x64
		{265CA433-8639-4E8D-A7F3-09B1B3495D92}.Debug_Win|x64.Build.0 = Debug_Win|x64
		{265CA433-8639-4E8D-A7F3-09B1B3495D92}.Debug_Win|x64.Deploy.0 = Debug_Win|x64
		{265CA433-8639-4E8D-A7F3-09B1B3495D92}.Debug_Win|x86.ActiveCfg = Debug_Win|x86
		{265CA433-8639-4E8D-A7F3-09B1B3495D92}.Debug_Win|x86.Build.0 = Debug_Win|x86
		{265CA433-8639-4E8D-A7F3-09B1B3495D92}.Debug_Win|x86.Deploy.0 = Debug_Win|x86
		{265CA433-8639-4E8D-A7F3-09B1B3495D92}.Release_DevID_Mac|Any CPU.ActiveCfg = Release_Win|Any CPU
		{265CA433-8639-4E8D-A7F3-09B1B3495D92}.Release_DevID_Mac|ARM64.ActiveCfg = Release_Win|ARM64
		{265CA433-8639-4E8D-A7F3-09B1B3495D92}.Release_DevID_Mac|x64.ActiveCfg = Release_Win|x64
		{265CA433-8639-4E8D-A7F3-09B1B3495D92}.Release_DevID_Mac|x86.ActiveCfg = Release_Win|x86
		{265CA433-8639-4E8D-A7F3-09B1B3495D92}.Release_Mac|Any CPU.ActiveCfg = Release_Win|Any CPU
		{265CA433-8639-4E8D-A7F3-09B1B3495D92}.Release_Mac|ARM64.ActiveCfg = Release_Win|ARM64
		{265CA433-8639-4E8D-A7F3-09B1B3495D92}.Release_Mac|x64.ActiveCfg = Release_Win|x64
		{265CA433-8639-4E8D-A7F3-09B1B3495D92}.Release_Mac|x86.ActiveCfg = Release_Win|x86
		{265CA433-8639-4E8D-A7F3-09B1B3495D92}.Release_MAS_Mac|Any CPU.ActiveCfg = Release_Win|Any CPU
		{265CA433-8639-4E8D-A7F3-09B1B3495D92}.Release_MAS_Mac|ARM64.ActiveCfg = Release_Win|ARM64
		{265CA433-8639-4E8D-A7F3-09B1B3495D92}.Release_MAS_Mac|x64.ActiveCfg = Release_Win|x64
		{265CA433-8639-4E8D-A7F3-09B1B3495D92}.Release_MAS_Mac|x86.ActiveCfg = Release_Win|x86
		{265CA433-8639-4E8D-A7F3-09B1B3495D92}.Release_Win|Any CPU.ActiveCfg = Release_Win|Any CPU
		{265CA433-8639-4E8D-A7F3-09B1B3495D92}.Release_Win|ARM64.ActiveCfg = Release_Win|ARM64
		{265CA433-8639-4E8D-A7F3-09B1B3495D92}.Release_Win|ARM64.Build.0 = Release_Win|ARM64
		{265CA433-8639-4E8D-A7F3-09B1B3495D92}.Release_Win|ARM64.Deploy.0 = Release_Win|ARM64
		{265CA433-8639-4E8D-A7F3-09B1B3495D92}.Release_Win|x64.ActiveCfg = Release_Win|x64
		{265CA433-8639-4E8D-A7F3-09B1B3495D92}.Release_Win|x64.Build.0 = Release_Win|x64
		{265CA433-8639-4E8D-A7F3-09B1B3495D92}.Release_Win|x64.Deploy.0 = Release_Win|x64
		{265CA433-8639-4E8D-A7F3-09B1B3495D92}.Release_Win|x86.ActiveCfg = Release_Win|x86
		{265CA433-8639-4E8D-A7F3-09B1B3495D92}.Release_Win|x86.Build.0 = Release_Win|x86
		{265CA433-8639-4E8D-A7F3-09B1B3495D92}.Release_Win|x86.Deploy.0 = Release_Win|x86
	EndGlobalSection
	GlobalSection(SolutionProperties) = preSolution
		HideSolutionNode = FALSE
	EndGlobalSection
	GlobalSection(NestedProjects) = preSolution
		{76FB6BC3-4F2E-46D1-97C2-60345B053C9C} = {E37C17DD-8722-46CA-AB2F-B2A42845B3B1}
		{52974047-90CA-4584-811B-242220DB05AB} = {E37C17DD-8722-46CA-AB2F-B2A42845B3B1}
		{B8CCE705-64FD-4DA3-AF6D-BDC1028DD044} = {E37C17DD-8722-46CA-AB2F-B2A42845B3B1}
		{172A147D-A614-4442-B600-BAC18EF8F1DF} = {E37C17DD-8722-46CA-AB2F-B2A42845B3B1}
		{05F0C24B-4EA1-4B11-9F86-DB3F1EDEE785} = {E37C17DD-8722-46CA-AB2F-B2A42845B3B1}
		{D5766652-E655-4726-8289-C45C43A14639} = {05F0C24B-4EA1-4B11-9F86-DB3F1EDEE785}
	EndGlobalSection
	GlobalSection(ExtensibilityGlobals) = postSolution
		SolutionGuid = {61F7FB11-1E47-470C-91E2-47F8143E1572}
	EndGlobalSection
	GlobalSection(SharedMSBuildProjectFiles) = preSolution
		scratch-link-common\scratch-link-common.projitems*{06b5d2a3-ad0a-4704-b00d-bcff634e7709}*SharedItemsImports = 13
		scratch-link-common\scratch-link-common.projitems*{b21c2fce-7670-402a-b8ee-958f3896f237}*SharedItemsImports = 5
		scratch-link-common\scratch-link-common.projitems*{cdf7978e-13c6-40a9-81f9-2a3b4f7e861c}*SharedItemsImports = 4
	EndGlobalSection
EndGlobal
