
Microsoft Visual Studio Solution File, Format Version 12.00
# Visual Studio Version 17
VisualStudioVersion = 17.0.31611.283
MinimumVisualStudioVersion = 10.0.40219.1
Project("{9A19103F-16F7-4668-BE54-9A1E7A4F7556}") = "scratch-link", "scratch-link\scratch-link.csproj", "{07DE4665-97E1-400F-99CD-84E819CA9EF6}"
EndProject
Project("{2150E333-8FDC-42A3-9474-1A3956D46DE8}") = "Documentation", "Documentation", "{76FB6BC3-4F2E-46D1-97C2-60345B053C9C}"
	ProjectSection(SolutionItems) = preProject
		Documentation\Architecture.md = Documentation\Architecture.md
		Documentation\Bluetooth.md = Documentation\Bluetooth.md
		Documentation\BluetoothLE.md = Documentation\BluetoothLE.md
		Documentation\NetworkProtocol.md = Documentation\NetworkProtocol.md
		Documentation\TestPlans.md = Documentation\TestPlans.md
	EndProjectSection
EndProject
Project("{2150E333-8FDC-42A3-9474-1A3956D46DE8}") = "Solution Items", "Solution Items", "{E37C17DD-8722-46CA-AB2F-B2A42845B3B1}"
	ProjectSection(SolutionItems) = preProject
		.editorconfig = .editorconfig
		.gitattributes = .gitattributes
		.gitignore = .gitignore
		.markdownlintrc = .markdownlintrc
		LICENSE = LICENSE
		playground.html = playground.html
		README.md = README.md
		stylecop.json = stylecop.json
		TRADEMARK = TRADEMARK
	EndProjectSection
EndProject
Global
	GlobalSection(SolutionConfigurationPlatforms) = preSolution
		Debug|Any CPU = Debug|Any CPU
		Release|Any CPU = Release|Any CPU
	EndGlobalSection
	GlobalSection(ProjectConfigurationPlatforms) = postSolution
		{07DE4665-97E1-400F-99CD-84E819CA9EF6}.Debug|Any CPU.ActiveCfg = Debug|Any CPU
		{07DE4665-97E1-400F-99CD-84E819CA9EF6}.Debug|Any CPU.Build.0 = Debug|Any CPU
		{07DE4665-97E1-400F-99CD-84E819CA9EF6}.Debug|Any CPU.Deploy.0 = Debug|Any CPU
		{07DE4665-97E1-400F-99CD-84E819CA9EF6}.Release|Any CPU.ActiveCfg = Release|Any CPU
		{07DE4665-97E1-400F-99CD-84E819CA9EF6}.Release|Any CPU.Build.0 = Release|Any CPU
		{07DE4665-97E1-400F-99CD-84E819CA9EF6}.Release|Any CPU.Deploy.0 = Release|Any CPU
	EndGlobalSection
	GlobalSection(SolutionProperties) = preSolution
		HideSolutionNode = FALSE
	EndGlobalSection
	GlobalSection(NestedProjects) = preSolution
		{76FB6BC3-4F2E-46D1-97C2-60345B053C9C} = {E37C17DD-8722-46CA-AB2F-B2A42845B3B1}
	EndGlobalSection
	GlobalSection(ExtensibilityGlobals) = postSolution
		SolutionGuid = {61F7FB11-1E47-470C-91E2-47F8143E1572}
	EndGlobalSection
EndGlobal
