
Microsoft Visual Studio Solution File, Format Version 12.00
# Visual Studio Version 17
VisualStudioVersion = 17.0.31611.283
MinimumVisualStudioVersion = 10.0.40219.1
Project("{2150E333-8FDC-42A3-9474-1A3956D46DE8}") = "Documentation", "Documentation", "{76FB6BC3-4F2E-46D1-97C2-60345B053C9C}"
	ProjectSection(SolutionItems) = preProject
		Documentation\Architecture.md = Documentation\Architecture.md
		Documentation\Bluetooth.md = Documentation\Bluetooth.md
		Documentation\BluetoothLE.md = Documentation\BluetoothLE.md
		Documentation\NetworkProtocol.md = Documentation\NetworkProtocol.md
		Documentation\TestPlans.md = Documentation\TestPlans.md
	EndProjectSection
EndProject
Project("{2150E333-8FDC-42A3-9474-1A3956D46DE8}") = "Solution Items", "Solution Items", "{E37C17DD-8722-46CA-AB2F-B2A42845B3B1}"
	ProjectSection(SolutionItems) = preProject
		.editorconfig = .editorconfig
		.gitattributes = .gitattributes
		.gitignore = .gitignore
		.markdownlintrc = .markdownlintrc
		GitVersion.yml = GitVersion.yml
		LICENSE = LICENSE
		playground.html = playground.html
		README.md = README.md
		stylecop.json = stylecop.json
		TRADEMARK = TRADEMARK
	EndProjectSection
EndProject
Project("{D954291E-2A0B-460D-934E-DC6B0785DB48}") = "scratch-link-common", "scratch-link-common\scratch-link-common.shproj", "{06B5D2A3-AD0A-4704-B00D-BCFF634E7709}"
EndProject
Project("{FAE04EC0-301F-11D3-BF4B-00C04F79EFBC}") = "scratch-link-mac", "scratch-link-mac\scratch-link-mac.csproj", "{CDF7978E-13C6-40A9-81F9-2A3B4F7E861C}"
EndProject
Project("{2150E333-8FDC-42A3-9474-1A3956D46DE8}") = "SharedProps", "SharedProps", "{52974047-90CA-4584-811B-242220DB05AB}"
	ProjectSection(SolutionItems) = preProject
		SharedProps\CommonPackageRefs.props = SharedProps\CommonPackageRefs.props
		SharedProps\StyleCop.props = SharedProps\StyleCop.props
	EndProjectSection
EndProject
Project("{2150E333-8FDC-42A3-9474-1A3956D46DE8}") = "fastlane", "fastlane", "{B8CCE705-64FD-4DA3-AF6D-BDC1028DD044}"
	ProjectSection(SolutionItems) = preProject
		fastlane\Appfile = fastlane\Appfile
		fastlane\Fastfile = fastlane\Fastfile
		fastlane\README-match.md = fastlane\README-match.md
		fastlane\README.md = fastlane\README.md
	EndProjectSection
EndProject
Project("{2150E333-8FDC-42A3-9474-1A3956D46DE8}") = ".circleci", ".circleci", "{172A147D-A614-4442-B600-BAC18EF8F1DF}"
	ProjectSection(SolutionItems) = preProject
		.circleci\config.yml = .circleci\config.yml
		.circleci\install-or-extract-vs-mac.sh = .circleci\install-or-extract-vs-mac.sh
	EndProjectSection
EndProject
Project("{9A19103F-16F7-4668-BE54-9A1E7A4F7556}") = "scratch-link-win", "scratch-link-win\scratch-link-win.csproj", "{B21C2FCE-7670-402A-B8EE-958F3896F237}"
EndProject
Global
	GlobalSection(SolutionConfigurationPlatforms) = preSolution
		Debug|Any CPU = Debug|Any CPU
		Release_DevID|Any CPU = Release_DevID|Any CPU
		Release_MAS|Any CPU = Release_MAS|Any CPU
		Release|Any CPU = Release|Any CPU
	EndGlobalSection
	GlobalSection(ProjectConfigurationPlatforms) = postSolution
		{CDF7978E-13C6-40A9-81F9-2A3B4F7E861C}.Debug|Any CPU.ActiveCfg = Debug|Any CPU
		{CDF7978E-13C6-40A9-81F9-2A3B4F7E861C}.Debug|Any CPU.Build.0 = Debug|Any CPU
		{CDF7978E-13C6-40A9-81F9-2A3B4F7E861C}.Release_DevID|Any CPU.ActiveCfg = Release_DevID|Any CPU
		{CDF7978E-13C6-40A9-81F9-2A3B4F7E861C}.Release_DevID|Any CPU.Build.0 = Release_DevID|Any CPU
		{CDF7978E-13C6-40A9-81F9-2A3B4F7E861C}.Release_MAS|Any CPU.ActiveCfg = Release_MAS|Any CPU
		{CDF7978E-13C6-40A9-81F9-2A3B4F7E861C}.Release_MAS|Any CPU.Build.0 = Release_MAS|Any CPU
		{CDF7978E-13C6-40A9-81F9-2A3B4F7E861C}.Release|Any CPU.ActiveCfg = Release|Any CPU
		{CDF7978E-13C6-40A9-81F9-2A3B4F7E861C}.Release|Any CPU.Build.0 = Release|Any CPU
		{B21C2FCE-7670-402A-B8EE-958F3896F237}.Debug|Any CPU.ActiveCfg = Debug|Any CPU
		{B21C2FCE-7670-402A-B8EE-958F3896F237}.Debug|Any CPU.Build.0 = Debug|Any CPU
		{B21C2FCE-7670-402A-B8EE-958F3896F237}.Release_DevID|Any CPU.ActiveCfg = Release|Any CPU
		{B21C2FCE-7670-402A-B8EE-958F3896F237}.Release_DevID|Any CPU.Build.0 = Release|Any CPU
		{B21C2FCE-7670-402A-B8EE-958F3896F237}.Release_MAS|Any CPU.ActiveCfg = Release|Any CPU
		{B21C2FCE-7670-402A-B8EE-958F3896F237}.Release_MAS|Any CPU.Build.0 = Release|Any CPU
		{B21C2FCE-7670-402A-B8EE-958F3896F237}.Release|Any CPU.ActiveCfg = Release|Any CPU
		{B21C2FCE-7670-402A-B8EE-958F3896F237}.Release|Any CPU.Build.0 = Release|Any CPU
	EndGlobalSection
	GlobalSection(SolutionProperties) = preSolution
		HideSolutionNode = FALSE
	EndGlobalSection
	GlobalSection(NestedProjects) = preSolution
		{76FB6BC3-4F2E-46D1-97C2-60345B053C9C} = {E37C17DD-8722-46CA-AB2F-B2A42845B3B1}
		{52974047-90CA-4584-811B-242220DB05AB} = {E37C17DD-8722-46CA-AB2F-B2A42845B3B1}
		{B8CCE705-64FD-4DA3-AF6D-BDC1028DD044} = {E37C17DD-8722-46CA-AB2F-B2A42845B3B1}
		{172A147D-A614-4442-B600-BAC18EF8F1DF} = {E37C17DD-8722-46CA-AB2F-B2A42845B3B1}
	EndGlobalSection
	GlobalSection(ExtensibilityGlobals) = postSolution
		SolutionGuid = {61F7FB11-1E47-470C-91E2-47F8143E1572}
	EndGlobalSection
	GlobalSection(SharedMSBuildProjectFiles) = preSolution
		scratch-link-common\scratch-link-common.projitems*{06b5d2a3-ad0a-4704-b00d-bcff634e7709}*SharedItemsImports = 13
		scratch-link-common\scratch-link-common.projitems*{b21c2fce-7670-402a-b8ee-958f3896f237}*SharedItemsImports = 5
		scratch-link-common\scratch-link-common.projitems*{cdf7978e-13c6-40a9-81f9-2a3b4f7e861c}*SharedItemsImports = 4
	EndGlobalSection
EndGlobal
