// !$*UTF8*$!
{
	archiveVersion = 1;
	classes = {
	};
	objectVersion = 55;
	objects = {

/* Begin PBXBuildFile section */
		69C52B2D27F50239006A46F3 /* client.js in Resources */ = {isa = PBXBuildFile; fileRef = 69C52B2C27F50239006A46F3 /* client.js */; };
		69C52B2F27F502F2006A46F3 /* SessionDelegate.swift in Sources */ = {isa = PBXBuildFile; fileRef = 69C52B2E27F502F2006A46F3 /* SessionDelegate.swift */; };
		69C52B3127F50E57006A46F3 /* JSON.swift in Sources */ = {isa = PBXBuildFile; fileRef = 69C52B3027F50E57006A46F3 /* JSON.swift */; };
		69E961B627E28B86008CF7C0 /* AppDelegate.swift in Sources */ = {isa = PBXBuildFile; fileRef = 69E961B527E28B86008CF7C0 /* AppDelegate.swift */; };
		69E961BA27E28B86008CF7C0 /* Main.html in Resources */ = {isa = PBXBuildFile; fileRef = 69E961B827E28B86008CF7C0 /* Main.html */; };
		69E961BC27E28B86008CF7C0 /* Icon.png in Resources */ = {isa = PBXBuildFile; fileRef = 69E961BB27E28B86008CF7C0 /* Icon.png */; };
		69E961BE27E28B86008CF7C0 /* Style.css in Resources */ = {isa = PBXBuildFile; fileRef = 69E961BD27E28B86008CF7C0 /* Style.css */; };
		69E961C027E28B86008CF7C0 /* Script.js in Resources */ = {isa = PBXBuildFile; fileRef = 69E961BF27E28B86008CF7C0 /* Script.js */; };
		69E961C227E28B86008CF7C0 /* ViewController.swift in Sources */ = {isa = PBXBuildFile; fileRef = 69E961C127E28B86008CF7C0 /* ViewController.swift */; };
		69E961C527E28B86008CF7C0 /* Main.storyboard in Resources */ = {isa = PBXBuildFile; fileRef = 69E961C327E28B86008CF7C0 /* Main.storyboard */; };
		69E961C727E28B88008CF7C0 /* Assets.xcassets in Resources */ = {isa = PBXBuildFile; fileRef = 69E961C627E28B88008CF7C0 /* Assets.xcassets */; };
		69E961D327E28B88008CF7C0 /* Scratch_Link_Safari_HelperTests.swift in Sources */ = {isa = PBXBuildFile; fileRef = 69E961D227E28B88008CF7C0 /* Scratch_Link_Safari_HelperTests.swift */; };
		69E961DD27E28B88008CF7C0 /* Scratch_Link_Safari_HelperUITests.swift in Sources */ = {isa = PBXBuildFile; fileRef = 69E961DC27E28B88008CF7C0 /* Scratch_Link_Safari_HelperUITests.swift */; };
		69E961DF27E28B88008CF7C0 /* Scratch_Link_Safari_HelperUITestsLaunchTests.swift in Sources */ = {isa = PBXBuildFile; fileRef = 69E961DE27E28B88008CF7C0 /* Scratch_Link_Safari_HelperUITestsLaunchTests.swift */; };
		69E961E527E28B88008CF7C0 /* Scratch Link Safari Helper Extension.appex in Embed App Extensions */ = {isa = PBXBuildFile; fileRef = 69E961E427E28B88008CF7C0 /* Scratch Link Safari Helper Extension.appex */; settings = {ATTRIBUTES = (RemoveHeadersOnCopy, ); }; };
		69E961EA27E28B88008CF7C0 /* SafariWebExtensionHandler.swift in Sources */ = {isa = PBXBuildFile; fileRef = 69E961E927E28B88008CF7C0 /* SafariWebExtensionHandler.swift */; };
		69E961ED27E28B88008CF7C0 /* _locales in Resources */ = {isa = PBXBuildFile; fileRef = 69E961EC27E28B88008CF7C0 /* _locales */; };
		69E961EF27E28B88008CF7C0 /* images in Resources */ = {isa = PBXBuildFile; fileRef = 69E961EE27E28B88008CF7C0 /* images */; };
		69E961F127E28B88008CF7C0 /* manifest.json in Resources */ = {isa = PBXBuildFile; fileRef = 69E961F027E28B88008CF7C0 /* manifest.json */; };
		69E961F327E28B88008CF7C0 /* background.js in Resources */ = {isa = PBXBuildFile; fileRef = 69E961F227E28B88008CF7C0 /* background.js */; };
		69E961F527E28B88008CF7C0 /* content.js in Resources */ = {isa = PBXBuildFile; fileRef = 69E961F427E28B88008CF7C0 /* content.js */; };
		69E961F727E28B88008CF7C0 /* popup.html in Resources */ = {isa = PBXBuildFile; fileRef = 69E961F627E28B88008CF7C0 /* popup.html */; };
		69E961F927E28B88008CF7C0 /* popup.css in Resources */ = {isa = PBXBuildFile; fileRef = 69E961F827E28B88008CF7C0 /* popup.css */; };
		69E961FB27E28B88008CF7C0 /* popup.js in Resources */ = {isa = PBXBuildFile; fileRef = 69E961FA27E28B88008CF7C0 /* popup.js */; };
/* End PBXBuildFile section */

/* Begin PBXContainerItemProxy section */
		69E961CF27E28B88008CF7C0 /* PBXContainerItemProxy */ = {
			isa = PBXContainerItemProxy;
			containerPortal = 69E961AA27E28B86008CF7C0 /* Project object */;
			proxyType = 1;
			remoteGlobalIDString = 69E961B127E28B86008CF7C0;
			remoteInfo = "Scratch Link Safari Helper";
		};
		69E961D927E28B88008CF7C0 /* PBXContainerItemProxy */ = {
			isa = PBXContainerItemProxy;
			containerPortal = 69E961AA27E28B86008CF7C0 /* Project object */;
			proxyType = 1;
			remoteGlobalIDString = 69E961B127E28B86008CF7C0;
			remoteInfo = "Scratch Link Safari Helper";
		};
		69E961E627E28B88008CF7C0 /* PBXContainerItemProxy */ = {
			isa = PBXContainerItemProxy;
			containerPortal = 69E961AA27E28B86008CF7C0 /* Project object */;
			proxyType = 1;
			remoteGlobalIDString = 69E961E327E28B88008CF7C0;
			remoteInfo = "Scratch Link Safari Helper Extension";
		};
/* End PBXContainerItemProxy section */

/* Begin PBXCopyFilesBuildPhase section */
		69E9620327E28B88008CF7C0 /* Embed App Extensions */ = {
			isa = PBXCopyFilesBuildPhase;
			buildActionMask = 2147483647;
			dstPath = "";
			dstSubfolderSpec = 13;
			files = (
				69E961E527E28B88008CF7C0 /* Scratch Link Safari Helper Extension.appex in Embed App Extensions */,
			);
			name = "Embed App Extensions";
			runOnlyForDeploymentPostprocessing = 0;
		};
/* End PBXCopyFilesBuildPhase section */

/* Begin PBXFileReference section */
		69C52B2527ECCB57006A46F3 /* Safari WebExtension messaging.md */ = {isa = PBXFileReference; lastKnownFileType = net.daringfireball.markdown; path = "Safari WebExtension messaging.md"; sourceTree = "<group>"; };
		69C52B2C27F50239006A46F3 /* client.js */ = {isa = PBXFileReference; fileEncoding = 4; lastKnownFileType = sourcecode.javascript; path = client.js; sourceTree = "<group>"; };
		69C52B2E27F502F2006A46F3 /* SessionDelegate.swift */ = {isa = PBXFileReference; lastKnownFileType = sourcecode.swift; path = SessionDelegate.swift; sourceTree = "<group>"; };
		69C52B3027F50E57006A46F3 /* JSON.swift */ = {isa = PBXFileReference; lastKnownFileType = sourcecode.swift; path = JSON.swift; sourceTree = "<group>"; };
		69E961B227E28B86008CF7C0 /* Scratch Link Safari Helper.app */ = {isa = PBXFileReference; explicitFileType = wrapper.application; includeInIndex = 0; path = "Scratch Link Safari Helper.app"; sourceTree = BUILT_PRODUCTS_DIR; };
		69E961B527E28B86008CF7C0 /* AppDelegate.swift */ = {isa = PBXFileReference; lastKnownFileType = sourcecode.swift; path = AppDelegate.swift; sourceTree = "<group>"; };
		69E961B927E28B86008CF7C0 /* Base */ = {isa = PBXFileReference; lastKnownFileType = text.html; name = Base; path = ../Base.lproj/Main.html; sourceTree = "<group>"; };
		69E961BB27E28B86008CF7C0 /* Icon.png */ = {isa = PBXFileReference; lastKnownFileType = image.png; path = Icon.png; sourceTree = "<group>"; };
		69E961BD27E28B86008CF7C0 /* Style.css */ = {isa = PBXFileReference; lastKnownFileType = text.css; path = Style.css; sourceTree = "<group>"; };
		69E961BF27E28B86008CF7C0 /* Script.js */ = {isa = PBXFileReference; lastKnownFileType = sourcecode.javascript; path = Script.js; sourceTree = "<group>"; };
		69E961C127E28B86008CF7C0 /* ViewController.swift */ = {isa = PBXFileReference; lastKnownFileType = sourcecode.swift; path = ViewController.swift; sourceTree = "<group>"; };
		69E961C427E28B86008CF7C0 /* Base */ = {isa = PBXFileReference; lastKnownFileType = file.storyboard; name = Base; path = Base.lproj/Main.storyboard; sourceTree = "<group>"; };
		69E961C627E28B88008CF7C0 /* Assets.xcassets */ = {isa = PBXFileReference; lastKnownFileType = folder.assetcatalog; path = Assets.xcassets; sourceTree = "<group>"; };
		69E961C827E28B88008CF7C0 /* Scratch_Link_Safari_Helper.entitlements */ = {isa = PBXFileReference; lastKnownFileType = text.plist.entitlements; path = Scratch_Link_Safari_Helper.entitlements; sourceTree = "<group>"; };
		69E961C927E28B88008CF7C0 /* Scratch Link Safari Helper.entitlements */ = {isa = PBXFileReference; lastKnownFileType = text.plist.entitlements; path = "Scratch Link Safari Helper.entitlements"; sourceTree = "<group>"; };
		69E961CE27E28B88008CF7C0 /* Scratch Link Safari HelperTests.xctest */ = {isa = PBXFileReference; explicitFileType = wrapper.cfbundle; includeInIndex = 0; path = "Scratch Link Safari HelperTests.xctest"; sourceTree = BUILT_PRODUCTS_DIR; };
		69E961D227E28B88008CF7C0 /* Scratch_Link_Safari_HelperTests.swift */ = {isa = PBXFileReference; lastKnownFileType = sourcecode.swift; path = Scratch_Link_Safari_HelperTests.swift; sourceTree = "<group>"; };
		69E961D827E28B88008CF7C0 /* Scratch Link Safari HelperUITests.xctest */ = {isa = PBXFileReference; explicitFileType = wrapper.cfbundle; includeInIndex = 0; path = "Scratch Link Safari HelperUITests.xctest"; sourceTree = BUILT_PRODUCTS_DIR; };
		69E961DC27E28B88008CF7C0 /* Scratch_Link_Safari_HelperUITests.swift */ = {isa = PBXFileReference; lastKnownFileType = sourcecode.swift; path = Scratch_Link_Safari_HelperUITests.swift; sourceTree = "<group>"; };
		69E961DE27E28B88008CF7C0 /* Scratch_Link_Safari_HelperUITestsLaunchTests.swift */ = {isa = PBXFileReference; lastKnownFileType = sourcecode.swift; path = Scratch_Link_Safari_HelperUITestsLaunchTests.swift; sourceTree = "<group>"; };
		69E961E427E28B88008CF7C0 /* Scratch Link Safari Helper Extension.appex */ = {isa = PBXFileReference; explicitFileType = "wrapper.app-extension"; includeInIndex = 0; path = "Scratch Link Safari Helper Extension.appex"; sourceTree = BUILT_PRODUCTS_DIR; };
		69E961E927E28B88008CF7C0 /* SafariWebExtensionHandler.swift */ = {isa = PBXFileReference; lastKnownFileType = sourcecode.swift; path = SafariWebExtensionHandler.swift; sourceTree = "<group>"; };
		69E961EC27E28B88008CF7C0 /* _locales */ = {isa = PBXFileReference; lastKnownFileType = folder; path = _locales; sourceTree = "<group>"; };
		69E961EE27E28B88008CF7C0 /* images */ = {isa = PBXFileReference; lastKnownFileType = folder; path = images; sourceTree = "<group>"; };
		69E961F027E28B88008CF7C0 /* manifest.json */ = {isa = PBXFileReference; lastKnownFileType = text.json; path = manifest.json; sourceTree = "<group>"; };
		69E961F227E28B88008CF7C0 /* background.js */ = {isa = PBXFileReference; lastKnownFileType = sourcecode.javascript; path = background.js; sourceTree = "<group>"; };
		69E961F427E28B88008CF7C0 /* content.js */ = {isa = PBXFileReference; lastKnownFileType = sourcecode.javascript; path = content.js; sourceTree = "<group>"; };
		69E961F627E28B88008CF7C0 /* popup.html */ = {isa = PBXFileReference; lastKnownFileType = text.html; path = popup.html; sourceTree = "<group>"; };
		69E961F827E28B88008CF7C0 /* popup.css */ = {isa = PBXFileReference; lastKnownFileType = text.css; path = popup.css; sourceTree = "<group>"; };
		69E961FA27E28B88008CF7C0 /* popup.js */ = {isa = PBXFileReference; lastKnownFileType = sourcecode.javascript; path = popup.js; sourceTree = "<group>"; };
		69E961FC27E28B88008CF7C0 /* Info.plist */ = {isa = PBXFileReference; lastKnownFileType = text.plist.xml; path = Info.plist; sourceTree = "<group>"; };
		69E961FD27E28B88008CF7C0 /* Scratch_Link_Safari_Helper_Extension.entitlements */ = {isa = PBXFileReference; lastKnownFileType = text.plist.entitlements; path = Scratch_Link_Safari_Helper_Extension.entitlements; sourceTree = "<group>"; };
/* End PBXFileReference section */

/* Begin PBXFrameworksBuildPhase section */
		69E961AF27E28B86008CF7C0 /* Frameworks */ = {
			isa = PBXFrameworksBuildPhase;
			buildActionMask = 2147483647;
			files = (
			);
			runOnlyForDeploymentPostprocessing = 0;
		};
		69E961CB27E28B88008CF7C0 /* Frameworks */ = {
			isa = PBXFrameworksBuildPhase;
			buildActionMask = 2147483647;
			files = (
			);
			runOnlyForDeploymentPostprocessing = 0;
		};
		69E961D527E28B88008CF7C0 /* Frameworks */ = {
			isa = PBXFrameworksBuildPhase;
			buildActionMask = 2147483647;
			files = (
			);
			runOnlyForDeploymentPostprocessing = 0;
		};
		69E961E127E28B88008CF7C0 /* Frameworks */ = {
			isa = PBXFrameworksBuildPhase;
			buildActionMask = 2147483647;
			files = (
			);
			runOnlyForDeploymentPostprocessing = 0;
		};
/* End PBXFrameworksBuildPhase section */

/* Begin PBXGroup section */
		69E961A927E28B86008CF7C0 = {
			isa = PBXGroup;
			children = (
				69C52B2527ECCB57006A46F3 /* Safari WebExtension messaging.md */,
				69E961B427E28B86008CF7C0 /* Scratch Link Safari Helper */,
				69E961D127E28B88008CF7C0 /* Scratch Link Safari HelperTests */,
				69E961DB27E28B88008CF7C0 /* Scratch Link Safari HelperUITests */,
				69E961E827E28B88008CF7C0 /* Scratch Link Safari Helper Extension */,
				69E961B327E28B86008CF7C0 /* Products */,
			);
			sourceTree = "<group>";
		};
		69E961B327E28B86008CF7C0 /* Products */ = {
			isa = PBXGroup;
			children = (
				69E961B227E28B86008CF7C0 /* Scratch Link Safari Helper.app */,
				69E961CE27E28B88008CF7C0 /* Scratch Link Safari HelperTests.xctest */,
				69E961D827E28B88008CF7C0 /* Scratch Link Safari HelperUITests.xctest */,
				69E961E427E28B88008CF7C0 /* Scratch Link Safari Helper Extension.appex */,
			);
			name = Products;
			sourceTree = "<group>";
		};
		69E961B427E28B86008CF7C0 /* Scratch Link Safari Helper */ = {
			isa = PBXGroup;
			children = (
				69E961B527E28B86008CF7C0 /* AppDelegate.swift */,
				69E961C127E28B86008CF7C0 /* ViewController.swift */,
				69E961C327E28B86008CF7C0 /* Main.storyboard */,
				69E961C627E28B88008CF7C0 /* Assets.xcassets */,
				69E961C827E28B88008CF7C0 /* Scratch_Link_Safari_Helper.entitlements */,
				69E961C927E28B88008CF7C0 /* Scratch Link Safari Helper.entitlements */,
				69E961B727E28B86008CF7C0 /* Resources */,
			);
			path = "Scratch Link Safari Helper";
			sourceTree = "<group>";
		};
		69E961B727E28B86008CF7C0 /* Resources */ = {
			isa = PBXGroup;
			children = (
				69E961B827E28B86008CF7C0 /* Main.html */,
				69E961BB27E28B86008CF7C0 /* Icon.png */,
				69E961BD27E28B86008CF7C0 /* Style.css */,
				69E961BF27E28B86008CF7C0 /* Script.js */,
			);
			path = Resources;
			sourceTree = "<group>";
		};
		69E961D127E28B88008CF7C0 /* Scratch Link Safari HelperTests */ = {
			isa = PBXGroup;
			children = (
				69E961D227E28B88008CF7C0 /* Scratch_Link_Safari_HelperTests.swift */,
			);
			path = "Scratch Link Safari HelperTests";
			sourceTree = "<group>";
		};
		69E961DB27E28B88008CF7C0 /* Scratch Link Safari HelperUITests */ = {
			isa = PBXGroup;
			children = (
				69E961DC27E28B88008CF7C0 /* Scratch_Link_Safari_HelperUITests.swift */,
				69E961DE27E28B88008CF7C0 /* Scratch_Link_Safari_HelperUITestsLaunchTests.swift */,
			);
			path = "Scratch Link Safari HelperUITests";
			sourceTree = "<group>";
		};
		69E961E827E28B88008CF7C0 /* Scratch Link Safari Helper Extension */ = {
			isa = PBXGroup;
			children = (
				69C52B3027F50E57006A46F3 /* JSON.swift */,
				69E961E927E28B88008CF7C0 /* SafariWebExtensionHandler.swift */,
				69C52B2E27F502F2006A46F3 /* SessionDelegate.swift */,
				69E961FC27E28B88008CF7C0 /* Info.plist */,
				69E961FD27E28B88008CF7C0 /* Scratch_Link_Safari_Helper_Extension.entitlements */,
				69E961EB27E28B88008CF7C0 /* Resources */,
			);
			path = "Scratch Link Safari Helper Extension";
			sourceTree = "<group>";
		};
		69E961EB27E28B88008CF7C0 /* Resources */ = {
			isa = PBXGroup;
			children = (
				69E961EC27E28B88008CF7C0 /* _locales */,
				69E961EE27E28B88008CF7C0 /* images */,
				69E961F027E28B88008CF7C0 /* manifest.json */,
				69E961F227E28B88008CF7C0 /* background.js */,
				69C52B2C27F50239006A46F3 /* client.js */,
				69E961F427E28B88008CF7C0 /* content.js */,
				69E961F627E28B88008CF7C0 /* popup.html */,
				69E961F827E28B88008CF7C0 /* popup.css */,
				69E961FA27E28B88008CF7C0 /* popup.js */,
			);
			path = Resources;
			sourceTree = "<group>";
		};
/* End PBXGroup section */

/* Begin PBXNativeTarget section */
		69E961B127E28B86008CF7C0 /* Scratch Link Safari Helper */ = {
			isa = PBXNativeTarget;
			buildConfigurationList = 69E9620427E28B88008CF7C0 /* Build configuration list for PBXNativeTarget "Scratch Link Safari Helper" */;
			buildPhases = (
				69E961AE27E28B86008CF7C0 /* Sources */,
				69E961AF27E28B86008CF7C0 /* Frameworks */,
				69E961B027E28B86008CF7C0 /* Resources */,
				69E9620327E28B88008CF7C0 /* Embed App Extensions */,
			);
			buildRules = (
			);
			dependencies = (
				69E961E727E28B88008CF7C0 /* PBXTargetDependency */,
			);
			name = "Scratch Link Safari Helper";
			productName = "Scratch Link Safari Helper";
			productReference = 69E961B227E28B86008CF7C0 /* Scratch Link Safari Helper.app */;
			productType = "com.apple.product-type.application";
		};
		69E961CD27E28B88008CF7C0 /* Scratch Link Safari HelperTests */ = {
			isa = PBXNativeTarget;
			buildConfigurationList = 69E9620727E28B88008CF7C0 /* Build configuration list for PBXNativeTarget "Scratch Link Safari HelperTests" */;
			buildPhases = (
				69E961CA27E28B88008CF7C0 /* Sources */,
				69E961CB27E28B88008CF7C0 /* Frameworks */,
				69E961CC27E28B88008CF7C0 /* Resources */,
			);
			buildRules = (
			);
			dependencies = (
				69E961D027E28B88008CF7C0 /* PBXTargetDependency */,
			);
			name = "Scratch Link Safari HelperTests";
			productName = "Scratch Link Safari HelperTests";
			productReference = 69E961CE27E28B88008CF7C0 /* Scratch Link Safari HelperTests.xctest */;
			productType = "com.apple.product-type.bundle.unit-test";
		};
		69E961D727E28B88008CF7C0 /* Scratch Link Safari HelperUITests */ = {
			isa = PBXNativeTarget;
			buildConfigurationList = 69E9620A27E28B88008CF7C0 /* Build configuration list for PBXNativeTarget "Scratch Link Safari HelperUITests" */;
			buildPhases = (
				69E961D427E28B88008CF7C0 /* Sources */,
				69E961D527E28B88008CF7C0 /* Frameworks */,
				69E961D627E28B88008CF7C0 /* Resources */,
			);
			buildRules = (
			);
			dependencies = (
				69E961DA27E28B88008CF7C0 /* PBXTargetDependency */,
			);
			name = "Scratch Link Safari HelperUITests";
			productName = "Scratch Link Safari HelperUITests";
			productReference = 69E961D827E28B88008CF7C0 /* Scratch Link Safari HelperUITests.xctest */;
			productType = "com.apple.product-type.bundle.ui-testing";
		};
		69E961E327E28B88008CF7C0 /* Scratch Link Safari Helper Extension */ = {
			isa = PBXNativeTarget;
			buildConfigurationList = 69E9620027E28B88008CF7C0 /* Build configuration list for PBXNativeTarget "Scratch Link Safari Helper Extension" */;
			buildPhases = (
				69E961E027E28B88008CF7C0 /* Sources */,
				69E961E127E28B88008CF7C0 /* Frameworks */,
				69E961E227E28B88008CF7C0 /* Resources */,
			);
			buildRules = (
			);
			dependencies = (
			);
			name = "Scratch Link Safari Helper Extension";
			productName = "Scratch Link Safari Helper Extension";
			productReference = 69E961E427E28B88008CF7C0 /* Scratch Link Safari Helper Extension.appex */;
			productType = "com.apple.product-type.app-extension";
		};
/* End PBXNativeTarget section */

/* Begin PBXProject section */
		69E961AA27E28B86008CF7C0 /* Project object */ = {
			isa = PBXProject;
			attributes = {
				BuildIndependentTargetsInParallel = 1;
				LastSwiftUpdateCheck = 1320;
				LastUpgradeCheck = 1320;
				TargetAttributes = {
					69E961B127E28B86008CF7C0 = {
						CreatedOnToolsVersion = 13.2.1;
					};
					69E961CD27E28B88008CF7C0 = {
						CreatedOnToolsVersion = 13.2.1;
						TestTargetID = 69E961B127E28B86008CF7C0;
					};
					69E961D727E28B88008CF7C0 = {
						CreatedOnToolsVersion = 13.2.1;
						TestTargetID = 69E961B127E28B86008CF7C0;
					};
					69E961E327E28B88008CF7C0 = {
						CreatedOnToolsVersion = 13.2.1;
					};
				};
			};
			buildConfigurationList = 69E961AD27E28B86008CF7C0 /* Build configuration list for PBXProject "Scratch Link Safari Helper" */;
			compatibilityVersion = "Xcode 13.0";
			developmentRegion = en;
			hasScannedForEncodings = 0;
			knownRegions = (
				en,
				Base,
			);
			mainGroup = 69E961A927E28B86008CF7C0;
			productRefGroup = 69E961B327E28B86008CF7C0 /* Products */;
			projectDirPath = "";
			projectRoot = "";
			targets = (
				69E961B127E28B86008CF7C0 /* Scratch Link Safari Helper */,
				69E961CD27E28B88008CF7C0 /* Scratch Link Safari HelperTests */,
				69E961D727E28B88008CF7C0 /* Scratch Link Safari HelperUITests */,
				69E961E327E28B88008CF7C0 /* Scratch Link Safari Helper Extension */,
			);
		};
/* End PBXProject section */

/* Begin PBXResourcesBuildPhase section */
		69E961B027E28B86008CF7C0 /* Resources */ = {
			isa = PBXResourcesBuildPhase;
			buildActionMask = 2147483647;
			files = (
				69E961BC27E28B86008CF7C0 /* Icon.png in Resources */,
				69E961C527E28B86008CF7C0 /* Main.storyboard in Resources */,
				69E961C027E28B86008CF7C0 /* Script.js in Resources */,
				69E961BA27E28B86008CF7C0 /* Main.html in Resources */,
				69E961C727E28B88008CF7C0 /* Assets.xcassets in Resources */,
				69E961BE27E28B86008CF7C0 /* Style.css in Resources */,
			);
			runOnlyForDeploymentPostprocessing = 0;
		};
		69E961CC27E28B88008CF7C0 /* Resources */ = {
			isa = PBXResourcesBuildPhase;
			buildActionMask = 2147483647;
			files = (
			);
			runOnlyForDeploymentPostprocessing = 0;
		};
		69E961D627E28B88008CF7C0 /* Resources */ = {
			isa = PBXResourcesBuildPhase;
			buildActionMask = 2147483647;
			files = (
			);
			runOnlyForDeploymentPostprocessing = 0;
		};
		69E961E227E28B88008CF7C0 /* Resources */ = {
			isa = PBXResourcesBuildPhase;
			buildActionMask = 2147483647;
			files = (
				69C52B2D27F50239006A46F3 /* client.js in Resources */,
				69E961F327E28B88008CF7C0 /* background.js in Resources */,
				69E961F927E28B88008CF7C0 /* popup.css in Resources */,
				69E961F727E28B88008CF7C0 /* popup.html in Resources */,
				69E961EF27E28B88008CF7C0 /* images in Resources */,
				69E961F127E28B88008CF7C0 /* manifest.json in Resources */,
				69E961ED27E28B88008CF7C0 /* _locales in Resources */,
				69E961F527E28B88008CF7C0 /* content.js in Resources */,
				69E961FB27E28B88008CF7C0 /* popup.js in Resources */,
			);
			runOnlyForDeploymentPostprocessing = 0;
		};
/* End PBXResourcesBuildPhase section */

/* Begin PBXSourcesBuildPhase section */
		69E961AE27E28B86008CF7C0 /* Sources */ = {
			isa = PBXSourcesBuildPhase;
			buildActionMask = 2147483647;
			files = (
				69E961C227E28B86008CF7C0 /* ViewController.swift in Sources */,
				69E961B627E28B86008CF7C0 /* AppDelegate.swift in Sources */,
			);
			runOnlyForDeploymentPostprocessing = 0;
		};
		69E961CA27E28B88008CF7C0 /* Sources */ = {
			isa = PBXSourcesBuildPhase;
			buildActionMask = 2147483647;
			files = (
				69E961D327E28B88008CF7C0 /* Scratch_Link_Safari_HelperTests.swift in Sources */,
			);
			runOnlyForDeploymentPostprocessing = 0;
		};
		69E961D427E28B88008CF7C0 /* Sources */ = {
			isa = PBXSourcesBuildPhase;
			buildActionMask = 2147483647;
			files = (
				69E961DD27E28B88008CF7C0 /* Scratch_Link_Safari_HelperUITests.swift in Sources */,
				69E961DF27E28B88008CF7C0 /* Scratch_Link_Safari_HelperUITestsLaunchTests.swift in Sources */,
			);
			runOnlyForDeploymentPostprocessing = 0;
		};
		69E961E027E28B88008CF7C0 /* Sources */ = {
			isa = PBXSourcesBuildPhase;
			buildActionMask = 2147483647;
			files = (
				69E961EA27E28B88008CF7C0 /* SafariWebExtensionHandler.swift in Sources */,
				69C52B3127F50E57006A46F3 /* JSON.swift in Sources */,
				69C52B2F27F502F2006A46F3 /* SessionDelegate.swift in Sources */,
			);
			runOnlyForDeploymentPostprocessing = 0;
		};
/* End PBXSourcesBuildPhase section */

/* Begin PBXTargetDependency section */
		69E961D027E28B88008CF7C0 /* PBXTargetDependency */ = {
			isa = PBXTargetDependency;
			target = 69E961B127E28B86008CF7C0 /* Scratch Link Safari Helper */;
			targetProxy = 69E961CF27E28B88008CF7C0 /* PBXContainerItemProxy */;
		};
		69E961DA27E28B88008CF7C0 /* PBXTargetDependency */ = {
			isa = PBXTargetDependency;
			target = 69E961B127E28B86008CF7C0 /* Scratch Link Safari Helper */;
			targetProxy = 69E961D927E28B88008CF7C0 /* PBXContainerItemProxy */;
		};
		69E961E727E28B88008CF7C0 /* PBXTargetDependency */ = {
			isa = PBXTargetDependency;
			target = 69E961E327E28B88008CF7C0 /* Scratch Link Safari Helper Extension */;
			targetProxy = 69E961E627E28B88008CF7C0 /* PBXContainerItemProxy */;
		};
/* End PBXTargetDependency section */

/* Begin PBXVariantGroup section */
		69E961B827E28B86008CF7C0 /* Main.html */ = {
			isa = PBXVariantGroup;
			children = (
				69E961B927E28B86008CF7C0 /* Base */,
			);
			name = Main.html;
			sourceTree = "<group>";
		};
		69E961C327E28B86008CF7C0 /* Main.storyboard */ = {
			isa = PBXVariantGroup;
			children = (
				69E961C427E28B86008CF7C0 /* Base */,
			);
			name = Main.storyboard;
			sourceTree = "<group>";
		};
/* End PBXVariantGroup section */

/* Begin XCBuildConfiguration section */
		69E961FE27E28B88008CF7C0 /* Debug */ = {
			isa = XCBuildConfiguration;
			buildSettings = {
				ALWAYS_SEARCH_USER_PATHS = NO;
				CLANG_ANALYZER_NONNULL = YES;
				CLANG_ANALYZER_NUMBER_OBJECT_CONVERSION = YES_AGGRESSIVE;
				CLANG_CXX_LANGUAGE_STANDARD = "gnu++17";
				CLANG_CXX_LIBRARY = "libc++";
				CLANG_ENABLE_MODULES = YES;
				CLANG_ENABLE_OBJC_ARC = YES;
				CLANG_ENABLE_OBJC_WEAK = YES;
				CLANG_WARN_BLOCK_CAPTURE_AUTORELEASING = YES;
				CLANG_WARN_BOOL_CONVERSION = YES;
				CLANG_WARN_COMMA = YES;
				CLANG_WARN_CONSTANT_CONVERSION = YES;
				CLANG_WARN_DEPRECATED_OBJC_IMPLEMENTATIONS = YES;
				CLANG_WARN_DIRECT_OBJC_ISA_USAGE = YES_ERROR;
				CLANG_WARN_DOCUMENTATION_COMMENTS = YES;
				CLANG_WARN_EMPTY_BODY = YES;
				CLANG_WARN_ENUM_CONVERSION = YES;
				CLANG_WARN_INFINITE_RECURSION = YES;
				CLANG_WARN_INT_CONVERSION = YES;
				CLANG_WARN_NON_LITERAL_NULL_CONVERSION = YES;
				CLANG_WARN_OBJC_IMPLICIT_RETAIN_SELF = YES;
				CLANG_WARN_OBJC_LITERAL_CONVERSION = YES;
				CLANG_WARN_OBJC_ROOT_CLASS = YES_ERROR;
				CLANG_WARN_QUOTED_INCLUDE_IN_FRAMEWORK_HEADER = YES;
				CLANG_WARN_RANGE_LOOP_ANALYSIS = YES;
				CLANG_WARN_STRICT_PROTOTYPES = YES;
				CLANG_WARN_SUSPICIOUS_MOVE = YES;
				CLANG_WARN_UNGUARDED_AVAILABILITY = YES_AGGRESSIVE;
				CLANG_WARN_UNREACHABLE_CODE = YES;
				CLANG_WARN__DUPLICATE_METHOD_MATCH = YES;
				COPY_PHASE_STRIP = NO;
				DEBUG_INFORMATION_FORMAT = dwarf;
				ENABLE_STRICT_OBJC_MSGSEND = YES;
				ENABLE_TESTABILITY = YES;
				GCC_C_LANGUAGE_STANDARD = gnu11;
				GCC_DYNAMIC_NO_PIC = NO;
				GCC_NO_COMMON_BLOCKS = YES;
				GCC_OPTIMIZATION_LEVEL = 0;
				GCC_PREPROCESSOR_DEFINITIONS = (
					"DEBUG=1",
					"$(inherited)",
				);
				GCC_WARN_64_TO_32_BIT_CONVERSION = YES;
				GCC_WARN_ABOUT_RETURN_TYPE = YES_ERROR;
				GCC_WARN_UNDECLARED_SELECTOR = YES;
				GCC_WARN_UNINITIALIZED_AUTOS = YES_AGGRESSIVE;
				GCC_WARN_UNUSED_FUNCTION = YES;
				GCC_WARN_UNUSED_VARIABLE = YES;
				MACOSX_DEPLOYMENT_TARGET = 10.15;
				MTL_ENABLE_DEBUG_INFO = INCLUDE_SOURCE;
				MTL_FAST_MATH = YES;
				ONLY_ACTIVE_ARCH = YES;
				SDKROOT = macosx;
				SWIFT_ACTIVE_COMPILATION_CONDITIONS = DEBUG;
				SWIFT_OPTIMIZATION_LEVEL = "-Onone";
			};
			name = Debug;
		};
		69E961FF27E28B88008CF7C0 /* Release */ = {
			isa = XCBuildConfiguration;
			buildSettings = {
				ALWAYS_SEARCH_USER_PATHS = NO;
				CLANG_ANALYZER_NONNULL = YES;
				CLANG_ANALYZER_NUMBER_OBJECT_CONVERSION = YES_AGGRESSIVE;
				CLANG_CXX_LANGUAGE_STANDARD = "gnu++17";
				CLANG_CXX_LIBRARY = "libc++";
				CLANG_ENABLE_MODULES = YES;
				CLANG_ENABLE_OBJC_ARC = YES;
				CLANG_ENABLE_OBJC_WEAK = YES;
				CLANG_WARN_BLOCK_CAPTURE_AUTORELEASING = YES;
				CLANG_WARN_BOOL_CONVERSION = YES;
				CLANG_WARN_COMMA = YES;
				CLANG_WARN_CONSTANT_CONVERSION = YES;
				CLANG_WARN_DEPRECATED_OBJC_IMPLEMENTATIONS = YES;
				CLANG_WARN_DIRECT_OBJC_ISA_USAGE = YES_ERROR;
				CLANG_WARN_DOCUMENTATION_COMMENTS = YES;
				CLANG_WARN_EMPTY_BODY = YES;
				CLANG_WARN_ENUM_CONVERSION = YES;
				CLANG_WARN_INFINITE_RECURSION = YES;
				CLANG_WARN_INT_CONVERSION = YES;
				CLANG_WARN_NON_LITERAL_NULL_CONVERSION = YES;
				CLANG_WARN_OBJC_IMPLICIT_RETAIN_SELF = YES;
				CLANG_WARN_OBJC_LITERAL_CONVERSION = YES;
				CLANG_WARN_OBJC_ROOT_CLASS = YES_ERROR;
				CLANG_WARN_QUOTED_INCLUDE_IN_FRAMEWORK_HEADER = YES;
				CLANG_WARN_RANGE_LOOP_ANALYSIS = YES;
				CLANG_WARN_STRICT_PROTOTYPES = YES;
				CLANG_WARN_SUSPICIOUS_MOVE = YES;
				CLANG_WARN_UNGUARDED_AVAILABILITY = YES_AGGRESSIVE;
				CLANG_WARN_UNREACHABLE_CODE = YES;
				CLANG_WARN__DUPLICATE_METHOD_MATCH = YES;
				COPY_PHASE_STRIP = NO;
				DEBUG_INFORMATION_FORMAT = "dwarf-with-dsym";
				ENABLE_NS_ASSERTIONS = NO;
				ENABLE_STRICT_OBJC_MSGSEND = YES;
				GCC_C_LANGUAGE_STANDARD = gnu11;
				GCC_NO_COMMON_BLOCKS = YES;
				GCC_WARN_64_TO_32_BIT_CONVERSION = YES;
				GCC_WARN_ABOUT_RETURN_TYPE = YES_ERROR;
				GCC_WARN_UNDECLARED_SELECTOR = YES;
				GCC_WARN_UNINITIALIZED_AUTOS = YES_AGGRESSIVE;
				GCC_WARN_UNUSED_FUNCTION = YES;
				GCC_WARN_UNUSED_VARIABLE = YES;
				MACOSX_DEPLOYMENT_TARGET = 10.15;
				MTL_ENABLE_DEBUG_INFO = NO;
				MTL_FAST_MATH = YES;
				SDKROOT = macosx;
				SWIFT_COMPILATION_MODE = wholemodule;
				SWIFT_OPTIMIZATION_LEVEL = "-O";
			};
			name = Release;
		};
		69E9620127E28B88008CF7C0 /* Debug */ = {
			isa = XCBuildConfiguration;
			buildSettings = {
				CODE_SIGN_ENTITLEMENTS = "Scratch Link Safari Helper Extension/Scratch_Link_Safari_Helper_Extension.entitlements";
				CODE_SIGN_STYLE = Automatic;
				CURRENT_PROJECT_VERSION = 1;
				DEVELOPMENT_TEAM = W7AR3WMP87;
				ENABLE_HARDENED_RUNTIME = YES;
				GENERATE_INFOPLIST_FILE = YES;
				INFOPLIST_FILE = "Scratch Link Safari Helper Extension/Info.plist";
				INFOPLIST_KEY_CFBundleDisplayName = "Scratch Link Safari Helper Extension";
				INFOPLIST_KEY_NSHumanReadableCopyright = "";
				LD_RUNPATH_SEARCH_PATHS = (
					"$(inherited)",
					"@executable_path/../Frameworks",
					"@executable_path/../../../../Frameworks",
				);
				MACOSX_DEPLOYMENT_TARGET = 10.15;
				MARKETING_VERSION = 1.0;
				OTHER_LDFLAGS = (
					"-framework",
					SafariServices,
				);
				PRODUCT_BUNDLE_IDENTIFIER = "scratch.Scratch-Link-Safari-Helper.Extension";
				PRODUCT_NAME = "$(TARGET_NAME)";
				SKIP_INSTALL = YES;
				SWIFT_EMIT_LOC_STRINGS = YES;
				SWIFT_VERSION = 5.0;
			};
			name = Debug;
		};
		69E9620227E28B88008CF7C0 /* Release */ = {
			isa = XCBuildConfiguration;
			buildSettings = {
				CODE_SIGN_ENTITLEMENTS = "Scratch Link Safari Helper Extension/Scratch_Link_Safari_Helper_Extension.entitlements";
				CODE_SIGN_STYLE = Automatic;
				CURRENT_PROJECT_VERSION = 1;
				DEVELOPMENT_TEAM = W7AR3WMP87;
				ENABLE_HARDENED_RUNTIME = YES;
				GENERATE_INFOPLIST_FILE = YES;
				INFOPLIST_FILE = "Scratch Link Safari Helper Extension/Info.plist";
				INFOPLIST_KEY_CFBundleDisplayName = "Scratch Link Safari Helper Extension";
				INFOPLIST_KEY_NSHumanReadableCopyright = "";
				LD_RUNPATH_SEARCH_PATHS = (
					"$(inherited)",
					"@executable_path/../Frameworks",
					"@executable_path/../../../../Frameworks",
				);
				MACOSX_DEPLOYMENT_TARGET = 10.15;
				MARKETING_VERSION = 1.0;
				OTHER_LDFLAGS = (
					"-framework",
					SafariServices,
				);
				PRODUCT_BUNDLE_IDENTIFIER = "scratch.Scratch-Link-Safari-Helper.Extension";
				PRODUCT_NAME = "$(TARGET_NAME)";
				SKIP_INSTALL = YES;
				SWIFT_EMIT_LOC_STRINGS = YES;
				SWIFT_VERSION = 5.0;
			};
			name = Release;
		};
		69E9620527E28B88008CF7C0 /* Debug */ = {
			isa = XCBuildConfiguration;
			buildSettings = {
				ALWAYS_EMBED_SWIFT_STANDARD_LIBRARIES = YES;
				ASSETCATALOG_COMPILER_APPICON_NAME = AppIcon;
				ASSETCATALOG_COMPILER_GLOBAL_ACCENT_COLOR_NAME = AccentColor;
				CODE_SIGN_ENTITLEMENTS = "Scratch Link Safari Helper/Scratch Link Safari Helper.entitlements";
				CODE_SIGN_STYLE = Automatic;
				COMBINE_HIDPI_IMAGES = YES;
				CURRENT_PROJECT_VERSION = 1;
				DEVELOPMENT_TEAM = W7AR3WMP87;
				ENABLE_HARDENED_RUNTIME = YES;
				GENERATE_INFOPLIST_FILE = YES;
				INFOPLIST_KEY_CFBundleDisplayName = "Scratch Link Safari Helper";
				INFOPLIST_KEY_NSHumanReadableCopyright = "";
				INFOPLIST_KEY_NSMainStoryboardFile = Main;
				INFOPLIST_KEY_NSPrincipalClass = NSApplication;
				LD_RUNPATH_SEARCH_PATHS = (
					"$(inherited)",
					"@executable_path/../Frameworks",
				);
				MACOSX_DEPLOYMENT_TARGET = 10.15;
				MARKETING_VERSION = 1.0;
				OTHER_LDFLAGS = (
					"-framework",
					SafariServices,
					"-framework",
					WebKit,
				);
				PRODUCT_BUNDLE_IDENTIFIER = "scratch.Scratch-Link-Safari-Helper";
				PRODUCT_NAME = "$(TARGET_NAME)";
				SWIFT_EMIT_LOC_STRINGS = YES;
				SWIFT_VERSION = 5.0;
			};
			name = Debug;
		};
		69E9620627E28B88008CF7C0 /* Release */ = {
			isa = XCBuildConfiguration;
			buildSettings = {
				ALWAYS_EMBED_SWIFT_STANDARD_LIBRARIES = YES;
				ASSETCATALOG_COMPILER_APPICON_NAME = AppIcon;
				ASSETCATALOG_COMPILER_GLOBAL_ACCENT_COLOR_NAME = AccentColor;
				CODE_SIGN_ENTITLEMENTS = "Scratch Link Safari Helper/Scratch Link Safari Helper.entitlements";
				CODE_SIGN_STYLE = Automatic;
				COMBINE_HIDPI_IMAGES = YES;
				CURRENT_PROJECT_VERSION = 1;
				DEVELOPMENT_TEAM = W7AR3WMP87;
				ENABLE_HARDENED_RUNTIME = YES;
				GENERATE_INFOPLIST_FILE = YES;
				INFOPLIST_KEY_CFBundleDisplayName = "Scratch Link Safari Helper";
				INFOPLIST_KEY_NSHumanReadableCopyright = "";
				INFOPLIST_KEY_NSMainStoryboardFile = Main;
				INFOPLIST_KEY_NSPrincipalClass = NSApplication;
				LD_RUNPATH_SEARCH_PATHS = (
					"$(inherited)",
					"@executable_path/../Frameworks",
				);
				MACOSX_DEPLOYMENT_TARGET = 10.15;
				MARKETING_VERSION = 1.0;
				OTHER_LDFLAGS = (
					"-framework",
					SafariServices,
					"-framework",
					WebKit,
				);
				PRODUCT_BUNDLE_IDENTIFIER = "scratch.Scratch-Link-Safari-Helper";
				PRODUCT_NAME = "$(TARGET_NAME)";
				SWIFT_EMIT_LOC_STRINGS = YES;
				SWIFT_VERSION = 5.0;
			};
			name = Release;
		};
		69E9620827E28B88008CF7C0 /* Debug */ = {
			isa = XCBuildConfiguration;
			buildSettings = {
				ALWAYS_EMBED_SWIFT_STANDARD_LIBRARIES = YES;
				BUNDLE_LOADER = "$(TEST_HOST)";
				CODE_SIGN_STYLE = Automatic;
				CURRENT_PROJECT_VERSION = 1;
				DEVELOPMENT_TEAM = W7AR3WMP87;
				GENERATE_INFOPLIST_FILE = YES;
				MACOSX_DEPLOYMENT_TARGET = 10.14;
				MARKETING_VERSION = 1.0;
				PRODUCT_BUNDLE_IDENTIFIER = "scratch.Scratch-Link-Safari-HelperTests";
				PRODUCT_NAME = "$(TARGET_NAME)";
				SWIFT_EMIT_LOC_STRINGS = NO;
				SWIFT_VERSION = 5.0;
				TEST_HOST = "$(BUILT_PRODUCTS_DIR)/Scratch Link Safari Helper.app/Contents/MacOS/Scratch Link Safari Helper";
			};
			name = Debug;
		};
		69E9620927E28B88008CF7C0 /* Release */ = {
			isa = XCBuildConfiguration;
			buildSettings = {
				ALWAYS_EMBED_SWIFT_STANDARD_LIBRARIES = YES;
				BUNDLE_LOADER = "$(TEST_HOST)";
				CODE_SIGN_STYLE = Automatic;
				CURRENT_PROJECT_VERSION = 1;
				DEVELOPMENT_TEAM = W7AR3WMP87;
				GENERATE_INFOPLIST_FILE = YES;
				MACOSX_DEPLOYMENT_TARGET = 10.14;
				MARKETING_VERSION = 1.0;
				PRODUCT_BUNDLE_IDENTIFIER = "scratch.Scratch-Link-Safari-HelperTests";
				PRODUCT_NAME = "$(TARGET_NAME)";
				SWIFT_EMIT_LOC_STRINGS = NO;
				SWIFT_VERSION = 5.0;
				TEST_HOST = "$(BUILT_PRODUCTS_DIR)/Scratch Link Safari Helper.app/Contents/MacOS/Scratch Link Safari Helper";
			};
			name = Release;
		};
		69E9620B27E28B88008CF7C0 /* Debug */ = {
			isa = XCBuildConfiguration;
			buildSettings = {
				ALWAYS_EMBED_SWIFT_STANDARD_LIBRARIES = YES;
				CODE_SIGN_STYLE = Automatic;
				CURRENT_PROJECT_VERSION = 1;
				DEVELOPMENT_TEAM = W7AR3WMP87;
				GENERATE_INFOPLIST_FILE = YES;
				MARKETING_VERSION = 1.0;
				PRODUCT_BUNDLE_IDENTIFIER = "scratch.Scratch-Link-Safari-HelperUITests";
				PRODUCT_NAME = "$(TARGET_NAME)";
				SWIFT_EMIT_LOC_STRINGS = NO;
				SWIFT_VERSION = 5.0;
				TEST_TARGET_NAME = "Scratch Link Safari Helper";
			};
			name = Debug;
		};
		69E9620C27E28B88008CF7C0 /* Release */ = {
			isa = XCBuildConfiguration;
			buildSettings = {
				ALWAYS_EMBED_SWIFT_STANDARD_LIBRARIES = YES;
				CODE_SIGN_STYLE = Automatic;
				CURRENT_PROJECT_VERSION = 1;
				DEVELOPMENT_TEAM = W7AR3WMP87;
				GENERATE_INFOPLIST_FILE = YES;
				MARKETING_VERSION = 1.0;
				PRODUCT_BUNDLE_IDENTIFIER = "scratch.Scratch-Link-Safari-HelperUITests";
				PRODUCT_NAME = "$(TARGET_NAME)";
				SWIFT_EMIT_LOC_STRINGS = NO;
				SWIFT_VERSION = 5.0;
				TEST_TARGET_NAME = "Scratch Link Safari Helper";
			};
			name = Release;
		};
/* End XCBuildConfiguration section */

/* Begin XCConfigurationList section */
		69E961AD27E28B86008CF7C0 /* Build configuration list for PBXProject "Scratch Link Safari Helper" */ = {
			isa = XCConfigurationList;
			buildConfigurations = (
				69E961FE27E28B88008CF7C0 /* Debug */,
				69E961FF27E28B88008CF7C0 /* Release */,
			);
			defaultConfigurationIsVisible = 0;
			defaultConfigurationName = Release;
		};
		69E9620027E28B88008CF7C0 /* Build configuration list for PBXNativeTarget "Scratch Link Safari Helper Extension" */ = {
			isa = XCConfigurationList;
			buildConfigurations = (
				69E9620127E28B88008CF7C0 /* Debug */,
				69E9620227E28B88008CF7C0 /* Release */,
			);
			defaultConfigurationIsVisible = 0;
			defaultConfigurationName = Release;
		};
		69E9620427E28B88008CF7C0 /* Build configuration list for PBXNativeTarget "Scratch Link Safari Helper" */ = {
			isa = XCConfigurationList;
			buildConfigurations = (
				69E9620527E28B88008CF7C0 /* Debug */,
				69E9620627E28B88008CF7C0 /* Release */,
			);
			defaultConfigurationIsVisible = 0;
			defaultConfigurationName = Release;
		};
		69E9620727E28B88008CF7C0 /* Build configuration list for PBXNativeTarget "Scratch Link Safari HelperTests" */ = {
			isa = XCConfigurationList;
			buildConfigurations = (
				69E9620827E28B88008CF7C0 /* Debug */,
				69E9620927E28B88008CF7C0 /* Release */,
			);
			defaultConfigurationIsVisible = 0;
			defaultConfigurationName = Release;
		};
		69E9620A27E28B88008CF7C0 /* Build configuration list for PBXNativeTarget "Scratch Link Safari HelperUITests" */ = {
			isa = XCConfigurationList;
			buildConfigurations = (
				69E9620B27E28B88008CF7C0 /* Debug */,
				69E9620C27E28B88008CF7C0 /* Release */,
			);
			defaultConfigurationIsVisible = 0;
			defaultConfigurationName = Release;
		};
/* End XCConfigurationList section */
	};
	rootObject = 69E961AA27E28B86008CF7C0 /* Project object */;
}
