{
  "object": {
    "pins": [
      {
        "package": "Swifter",
        "repositoryURL": "https://github.com/cwillisf/swifter.git",
        "state": {
          "branch": "scratch-link",
          "revision": "fa16959ec66b4953e4d954bfe05019a06768270c",
          "version": null
        }
      }
    ]
  },
  "version": 1
}
