{
  "object": {
    "pins": [
      {
        "package": "COpenSSL",
        "repositoryURL": "https://github.com/PerfectlySoft/Perfect-COpenSSL.git",
        "state": {
          "branch": null,
          "revision": "7cc9341d0751b3d7e77927ad8c4e668e1c4dc1d1",
          "version": "3.1.4"
        }
      },
      {
        "package": "PerfectCrypto",
        "repositoryURL": "https://github.com/PerfectlySoft/Perfect-Crypto.git",
        "state": {
          "branch": null,
          "revision": "54e0f7c2a9d7355fca3c23e0f88096ac3765e08b",
          "version": "3.1.2"
        }
      },
      {
        "package": "PerfectCZlib",
        "repositoryURL": "https://github.com/PerfectlySoft/Perfect-CZlib-src.git",
        "state": {
          "branch": null,
          "revision": "b63e46909aad937c6434766f8f8c6720d8f3bd05",
          "version": "0.0.4"
        }
      },
      {
        "package": "PerfectHTTP",
        "repositoryURL": "https://github.com/PerfectlySoft/Perfect-HTTP.git",
        "state": {
          "branch": null,
          "revision": "f200c29bc728329f1ede94efec3bf5d16e1c13fe",
          "version": "3.1.0"
        }
      },
      {
        "package": "PerfectHTTPServer",
        "repositoryURL": "https://github.com/PerfectlySoft/Perfect-HTTPServer.git",
        "state": {
          "branch": null,
          "revision": "50bd6f46fc8663c5e430391f4e1ebb078f15d00f",
          "version": "3.0.17"
        }
      },
      {
        "package": "PerfectNet",
        "repositoryURL": "https://github.com/PerfectlySoft/Perfect-Net.git",
        "state": {
          "branch": null,
          "revision": "32cf5846ce212bf6aa2cb9d27a9b4f230355c1f9",
          "version": "3.2.0"
        }
      },
      {
        "package": "PerfectThread",
        "repositoryURL": "https://github.com/PerfectlySoft/Perfect-Thread.git",
        "state": {
          "branch": null,
          "revision": "d783048201086dc2cdc08627041e5001157db7f3",
          "version": "3.0.4"
        }
      },
      {
        "package": "PerfectWebSockets",
        "repositoryURL": "https://github.com/PerfectlySoft/Perfect-WebSockets.git",
        "state": {
          "branch": null,
          "revision": "15c2ef528603438c84286f89b8ae31cbf415bbac",
          "version": "3.0.2"
        }
      },
      {
        "package": "PerfectLib",
        "repositoryURL": "https://github.com/PerfectlySoft/PerfectLib.git",
        "state": {
          "branch": null,
          "revision": "cdc17d544ec8e87da5f3b24cdbda8d02d77bb943",
          "version": "3.1.1"
        }
      }
    ]
  },
  "version": 1
}
